{
  "pins" : [
    {
      "identity" : "alamofire",
      "kind" : "remoteSourceControl",
      "location" : "https://github.com/Alamofire/Alamofire.git",
      "state" : {
        "revision" : "354dda32d89fc8cd4f5c46487f64957d355f53d8",
        "version" : "5.6.1"
      }
    },
    {
      "identity" : "moya",
      "kind" : "remoteSourceControl",
      "location" : "https://github.com/Moya/Moya",
      "state" : {
        "revision" : "9b906860e3c3c09032879465c471e6375829593f",
        "version" : "15.0.0"
      }
    },
    {
      "identity" : "mparchitecturemvvm",
      "kind" : "remoteSourceControl",
      "location" : "https://github.com/MP-iOS-2022/MPArchitectureMVVM",
      "state" : {
        "branch" : "main",
        "revision" : "1dd02ca63ea85b0cff686ff1b9cd934c7883f2c1"
      }
    },
    {
      "identity" : "mpfoundation",
      "kind" : "remoteSourceControl",
      "location" : "https://github.com/MP-iOS-2022/MPFoundation",
      "state" : {
        "branch" : "main",
        "revision" : "fd2692edfe8864c9e4f69fe078f0938ddbc42dd4"
      }
    },
    {
      "identity" : "mpswiftui",
      "kind" : "remoteSourceControl",
      "location" : "https://github.com/MP-iOS-2022/MPSwiftUI",
      "state" : {
        "branch" : "main",
        "revision" : "134858e6c68c454fe2d9dedfbe159b49770ee8a9"
      }
    },
    {
      "identity" : "reactiveswift",
      "kind" : "remoteSourceControl",
      "location" : "https://github.com/ReactiveCocoa/ReactiveSwift.git",
      "state" : {
        "revision" : "c43bae3dac73fdd3cb906bd5a1914686ca71ed3c",
        "version" : "6.7.0"
      }
    },
    {
      "identity" : "rxswift",
      "kind" : "remoteSourceControl",
      "location" : "https://github.com/ReactiveX/RxSwift.git",
      "state" : {
        "revision" : "b4307ba0b6425c0ba4178e138799946c3da594f8",
        "version" : "6.5.0"
      }
    }
  ],
  "version" : 2
}
