// !$*UTF8*$!
{
	archiveVersion = 1;
	classes = {
	};
	objectVersion = 52;
	objects = {

/* Begin PBXBuildFile section */
		E62428B526971763004DAF79 /* CategoryDetailsViewModel.swift in Sources */ = {isa = PBXBuildFile; fileRef = E62428B426971763004DAF79 /* CategoryDetailsViewModel.swift */; };
		E6474CD02697191000717AE2 /* CategoriesListView.swift in Sources */ = {isa = PBXBuildFile; fileRef = E6474CCD2697191000717AE2 /* CategoriesListView.swift */; };
		E6474CD12697191000717AE2 /* CategoriesListViewModel.swift in Sources */ = {isa = PBXBuildFile; fileRef = E6474CCE2697191000717AE2 /* CategoriesListViewModel.swift */; };
		E6474CD22697191000717AE2 /* CategoryCell.swift in Sources */ = {isa = PBXBuildFile; fileRef = E6474CCF2697191000717AE2 /* CategoryCell.swift */; };
		E6474CD526981E0800717AE2 /* ErrorHandler.swift in Sources */ = {isa = PBXBuildFile; fileRef = E6474CD426981E0800717AE2 /* ErrorHandler.swift */; };
		E6474CD726981FB300717AE2 /* Data+Ex.swift in Sources */ = {isa = PBXBuildFile; fileRef = E6474CD626981FB300717AE2 /* Data+Ex.swift */; };
		E6474CD92698217300717AE2 /* JSONCoder+Ex.swift in Sources */ = {isa = PBXBuildFile; fileRef = E6474CD82698217300717AE2 /* JSONCoder+Ex.swift */; };
		E6474CDB2698741C00717AE2 /* TextStyle+Ex.swift in Sources */ = {isa = PBXBuildFile; fileRef = E6474CDA2698741C00717AE2 /* TextStyle+Ex.swift */; };
		E6474CDD26987E6F00717AE2 /* AsyncImage.swift in Sources */ = {isa = PBXBuildFile; fileRef = E6474CDC26987E6F00717AE2 /* AsyncImage.swift */; };
		E66210542696D45100B2B861 /* API.swift in Sources */ = {isa = PBXBuildFile; fileRef = E66210532696D45100B2B861 /* API.swift */; };
		E66210582696D52100B2B861 /* CombineMoya in Frameworks */ = {isa = PBXBuildFile; productRef = E66210572696D52100B2B861 /* CombineMoya */; };
		E662105A2696D52100B2B861 /* Moya in Frameworks */ = {isa = PBXBuildFile; productRef = E66210592696D52100B2B861 /* Moya */; };
		E662105C2696D77F00B2B861 /* Headers.swift in Sources */ = {isa = PBXBuildFile; fileRef = E662105B2696D77F00B2B861 /* Headers.swift */; };
		E662105E2696D7BE00B2B861 /* Target.swift in Sources */ = {isa = PBXBuildFile; fileRef = E662105D2696D7BE00B2B861 /* Target.swift */; };
		E66210602696DBDA00B2B861 /* Products.swift in Sources */ = {isa = PBXBuildFile; fileRef = E662105F2696DBDA00B2B861 /* Products.swift */; };
		E66210622696DC1500B2B861 /* CategoriesResponse.swift in Sources */ = {isa = PBXBuildFile; fileRef = E66210612696DC1500B2B861 /* CategoriesResponse.swift */; };
		E66210662696DD6800B2B861 /* ModelTargetType.swift in Sources */ = {isa = PBXBuildFile; fileRef = E66210652696DD6800B2B861 /* ModelTargetType.swift */; };
		E66210682696E0C700B2B861 /* Constants.swift in Sources */ = {isa = PBXBuildFile; fileRef = E66210672696E0C700B2B861 /* Constants.swift */; };
		E67B57572699B5C4008C7E03 /* View+Ex.swift in Sources */ = {isa = PBXBuildFile; fileRef = E67B57562699B5C4008C7E03 /* View+Ex.swift */; };
		E6A9FFD626B3CDED00D0CD4A /* ImagePicker.swift in Sources */ = {isa = PBXBuildFile; fileRef = E6A9FFD526B3CDED00D0CD4A /* ImagePicker.swift */; };
		E6A9FFD926B3E6A000D0CD4A /* LocalStorageService.swift in Sources */ = {isa = PBXBuildFile; fileRef = E6A9FFD826B3E6A000D0CD4A /* LocalStorageService.swift */; };
		E6A9FFDB26B3F6A500D0CD4A /* LocalImage.swift in Sources */ = {isa = PBXBuildFile; fileRef = E6A9FFDA26B3F6A500D0CD4A /* LocalImage.swift */; };
		E6E8152C2695BA0E00407941 /* AppDelegate.swift in Sources */ = {isa = PBXBuildFile; fileRef = E6E8152B2695BA0E00407941 /* AppDelegate.swift */; };
		E6E8152E2695BA0E00407941 /* SceneDelegate.swift in Sources */ = {isa = PBXBuildFile; fileRef = E6E8152D2695BA0E00407941 /* SceneDelegate.swift */; };
		E6E815322695BA1000407941 /* Assets.xcassets in Resources */ = {isa = PBXBuildFile; fileRef = E6E815312695BA1000407941 /* Assets.xcassets */; };
		E6E815352695BA1000407941 /* Preview Assets.xcassets in Resources */ = {isa = PBXBuildFile; fileRef = E6E815342695BA1000407941 /* Preview Assets.xcassets */; };
		E6E815382695BA1000407941 /* LaunchScreen.storyboard in Resources */ = {isa = PBXBuildFile; fileRef = E6E815362695BA1000407941 /* LaunchScreen.storyboard */; };
		E6E815432695BA1000407941 /* MVVMTemplateTests.swift in Sources */ = {isa = PBXBuildFile; fileRef = E6E815422695BA1000407941 /* MVVMTemplateTests.swift */; };
		E6E8154E2695BA1000407941 /* MVVMTemplateUITests.swift in Sources */ = {isa = PBXBuildFile; fileRef = E6E8154D2695BA1000407941 /* MVVMTemplateUITests.swift */; };
		E6E8155D2695BA8B00407941 /* ViewModel.swift in Sources */ = {isa = PBXBuildFile; fileRef = E6E8155C2695BA8B00407941 /* ViewModel.swift */; };
		E6E8157A2695BC3300407941 /* UserDefault.swift in Sources */ = {isa = PBXBuildFile; fileRef = E6E815742695BC3300407941 /* UserDefault.swift */; };
		E6E8157B2695BC3300407941 /* Optional+Ex.swift in Sources */ = {isa = PBXBuildFile; fileRef = E6E815752695BC3300407941 /* Optional+Ex.swift */; };
		E6E8157C2695BC3300407941 /* CancelableStore.swift in Sources */ = {isa = PBXBuildFile; fileRef = E6E815762695BC3300407941 /* CancelableStore.swift */; };
		E6E8157E2695BC3300407941 /* NavigationButton.swift in Sources */ = {isa = PBXBuildFile; fileRef = E6E815792695BC3300407941 /* NavigationButton.swift */; };
		E6E815802695BE5B00407941 /* KeyboardObserver.swift in Sources */ = {isa = PBXBuildFile; fileRef = E6E8157F2695BE5B00407941 /* KeyboardObserver.swift */; };
		E6E8158C2695C4FD00407941 /* CategoryDetailView.swift in Sources */ = {isa = PBXBuildFile; fileRef = E6E8158A2695C4FD00407941 /* CategoryDetailView.swift */; };
		E6E815962695C54A00407941 /* Category.swift in Sources */ = {isa = PBXBuildFile; fileRef = E6E815952695C54A00407941 /* Category.swift */; };
		E6E815992695C55E00407941 /* MarketService.swift in Sources */ = {isa = PBXBuildFile; fileRef = E6E815982695C55E00407941 /* MarketService.swift */; };
		E6E8159E2695C7C500407941 /* Localizable.strings in Resources */ = {isa = PBXBuildFile; fileRef = E6E815A02695C7C500407941 /* Localizable.strings */; };
		E6E815A82696C46700407941 /* Locale+Ex.swift in Sources */ = {isa = PBXBuildFile; fileRef = E6E815A72696C46700407941 /* Locale+Ex.swift */; };
		E6E815AD2696C4D700407941 /* Collection+Ex.swift in Sources */ = {isa = PBXBuildFile; fileRef = E6E815AC2696C4D700407941 /* Collection+Ex.swift */; };
		E6E815B12696C51500407941 /* String+Ex.swift in Sources */ = {isa = PBXBuildFile; fileRef = E6E815B02696C51500407941 /* String+Ex.swift */; };
		E6E815B32696C54A00407941 /* KeyPath+Ex.swift in Sources */ = {isa = PBXBuildFile; fileRef = E6E815B22696C54A00407941 /* KeyPath+Ex.swift */; };
/* End PBXBuildFile section */

/* Begin PBXContainerItemProxy section */
		E6E8153F2695BA1000407941 /* PBXContainerItemProxy */ = {
			isa = PBXContainerItemProxy;
			containerPortal = E6E815202695BA0E00407941 /* Project object */;
			proxyType = 1;
			remoteGlobalIDString = E6E815272695BA0E00407941;
			remoteInfo = MVVMTemplate;
		};
		E6E8154A2695BA1000407941 /* PBXContainerItemProxy */ = {
			isa = PBXContainerItemProxy;
			containerPortal = E6E815202695BA0E00407941 /* Project object */;
			proxyType = 1;
			remoteGlobalIDString = E6E815272695BA0E00407941;
			remoteInfo = MVVMTemplate;
		};
/* End PBXContainerItemProxy section */

/* Begin PBXFileReference section */
		E62428B426971763004DAF79 /* CategoryDetailsViewModel.swift */ = {isa = PBXFileReference; lastKnownFileType = sourcecode.swift; path = CategoryDetailsViewModel.swift; sourceTree = "<group>"; };
		E6474CCD2697191000717AE2 /* CategoriesListView.swift */ = {isa = PBXFileReference; fileEncoding = 4; lastKnownFileType = sourcecode.swift; path = CategoriesListView.swift; sourceTree = "<group>"; };
		E6474CCE2697191000717AE2 /* CategoriesListViewModel.swift */ = {isa = PBXFileReference; fileEncoding = 4; lastKnownFileType = sourcecode.swift; path = CategoriesListViewModel.swift; sourceTree = "<group>"; };
		E6474CCF2697191000717AE2 /* CategoryCell.swift */ = {isa = PBXFileReference; fileEncoding = 4; lastKnownFileType = sourcecode.swift; path = CategoryCell.swift; sourceTree = "<group>"; };
		E6474CD426981E0800717AE2 /* ErrorHandler.swift */ = {isa = PBXFileReference; lastKnownFileType = sourcecode.swift; path = ErrorHandler.swift; sourceTree = "<group>"; };
		E6474CD626981FB300717AE2 /* Data+Ex.swift */ = {isa = PBXFileReference; lastKnownFileType = sourcecode.swift; path = "Data+Ex.swift"; sourceTree = "<group>"; };
		E6474CD82698217300717AE2 /* JSONCoder+Ex.swift */ = {isa = PBXFileReference; lastKnownFileType = sourcecode.swift; path = "JSONCoder+Ex.swift"; sourceTree = "<group>"; };
		E6474CDA2698741C00717AE2 /* TextStyle+Ex.swift */ = {isa = PBXFileReference; lastKnownFileType = sourcecode.swift; path = "TextStyle+Ex.swift"; sourceTree = "<group>"; };
		E6474CDC26987E6F00717AE2 /* AsyncImage.swift */ = {isa = PBXFileReference; lastKnownFileType = sourcecode.swift; path = AsyncImage.swift; sourceTree = "<group>"; };
		E66210532696D45100B2B861 /* API.swift */ = {isa = PBXFileReference; lastKnownFileType = sourcecode.swift; path = API.swift; sourceTree = "<group>"; };
		E662105B2696D77F00B2B861 /* Headers.swift */ = {isa = PBXFileReference; lastKnownFileType = sourcecode.swift; path = Headers.swift; sourceTree = "<group>"; };
		E662105D2696D7BE00B2B861 /* Target.swift */ = {isa = PBXFileReference; lastKnownFileType = sourcecode.swift; path = Target.swift; sourceTree = "<group>"; };
		E662105F2696DBDA00B2B861 /* Products.swift */ = {isa = PBXFileReference; lastKnownFileType = sourcecode.swift; path = Products.swift; sourceTree = "<group>"; };
		E66210612696DC1500B2B861 /* CategoriesResponse.swift */ = {isa = PBXFileReference; lastKnownFileType = sourcecode.swift; path = CategoriesResponse.swift; sourceTree = "<group>"; };
		E66210652696DD6800B2B861 /* ModelTargetType.swift */ = {isa = PBXFileReference; lastKnownFileType = sourcecode.swift; path = ModelTargetType.swift; sourceTree = "<group>"; };
		E66210672696E0C700B2B861 /* Constants.swift */ = {isa = PBXFileReference; lastKnownFileType = sourcecode.swift; path = Constants.swift; sourceTree = "<group>"; };
		E67B57562699B5C4008C7E03 /* View+Ex.swift */ = {isa = PBXFileReference; lastKnownFileType = sourcecode.swift; path = "View+Ex.swift"; sourceTree = "<group>"; };
		E6A9FFD526B3CDED00D0CD4A /* ImagePicker.swift */ = {isa = PBXFileReference; lastKnownFileType = sourcecode.swift; path = ImagePicker.swift; sourceTree = "<group>"; };
		E6A9FFD826B3E6A000D0CD4A /* LocalStorageService.swift */ = {isa = PBXFileReference; lastKnownFileType = sourcecode.swift; path = LocalStorageService.swift; sourceTree = "<group>"; };
		E6A9FFDA26B3F6A500D0CD4A /* LocalImage.swift */ = {isa = PBXFileReference; lastKnownFileType = sourcecode.swift; path = LocalImage.swift; sourceTree = "<group>"; };
		E6E815282695BA0E00407941 /* MVVMTemplate.app */ = {isa = PBXFileReference; explicitFileType = wrapper.application; includeInIndex = 0; path = MVVMTemplate.app; sourceTree = BUILT_PRODUCTS_DIR; };
		E6E8152B2695BA0E00407941 /* AppDelegate.swift */ = {isa = PBXFileReference; lastKnownFileType = sourcecode.swift; path = AppDelegate.swift; sourceTree = "<group>"; };
		E6E8152D2695BA0E00407941 /* SceneDelegate.swift */ = {isa = PBXFileReference; lastKnownFileType = sourcecode.swift; path = SceneDelegate.swift; sourceTree = "<group>"; };
		E6E815312695BA1000407941 /* Assets.xcassets */ = {isa = PBXFileReference; lastKnownFileType = folder.assetcatalog; path = Assets.xcassets; sourceTree = "<group>"; };
		E6E815342695BA1000407941 /* Preview Assets.xcassets */ = {isa = PBXFileReference; lastKnownFileType = folder.assetcatalog; path = "Preview Assets.xcassets"; sourceTree = "<group>"; };
		E6E815372695BA1000407941 /* Base */ = {isa = PBXFileReference; lastKnownFileType = file.storyboard; name = Base; path = Base.lproj/LaunchScreen.storyboard; sourceTree = "<group>"; };
		E6E815392695BA1000407941 /* Info.plist */ = {isa = PBXFileReference; lastKnownFileType = text.plist.xml; path = Info.plist; sourceTree = "<group>"; };
		E6E8153E2695BA1000407941 /* MVVMTemplateTests.xctest */ = {isa = PBXFileReference; explicitFileType = wrapper.cfbundle; includeInIndex = 0; path = MVVMTemplateTests.xctest; sourceTree = BUILT_PRODUCTS_DIR; };
		E6E815422695BA1000407941 /* MVVMTemplateTests.swift */ = {isa = PBXFileReference; lastKnownFileType = sourcecode.swift; path = MVVMTemplateTests.swift; sourceTree = "<group>"; };
		E6E815442695BA1000407941 /* Info.plist */ = {isa = PBXFileReference; lastKnownFileType = text.plist.xml; path = Info.plist; sourceTree = "<group>"; };
		E6E815492695BA1000407941 /* MVVMTemplateUITests.xctest */ = {isa = PBXFileReference; explicitFileType = wrapper.cfbundle; includeInIndex = 0; path = MVVMTemplateUITests.xctest; sourceTree = BUILT_PRODUCTS_DIR; };
		E6E8154D2695BA1000407941 /* MVVMTemplateUITests.swift */ = {isa = PBXFileReference; lastKnownFileType = sourcecode.swift; path = MVVMTemplateUITests.swift; sourceTree = "<group>"; };
		E6E8154F2695BA1000407941 /* Info.plist */ = {isa = PBXFileReference; lastKnownFileType = text.plist.xml; path = Info.plist; sourceTree = "<group>"; };
		E6E8155C2695BA8B00407941 /* ViewModel.swift */ = {isa = PBXFileReference; lastKnownFileType = sourcecode.swift; path = ViewModel.swift; sourceTree = "<group>"; };
		E6E815742695BC3300407941 /* UserDefault.swift */ = {isa = PBXFileReference; fileEncoding = 4; lastKnownFileType = sourcecode.swift; path = UserDefault.swift; sourceTree = "<group>"; };
		E6E815752695BC3300407941 /* Optional+Ex.swift */ = {isa = PBXFileReference; fileEncoding = 4; lastKnownFileType = sourcecode.swift; path = "Optional+Ex.swift"; sourceTree = "<group>"; };
		E6E815762695BC3300407941 /* CancelableStore.swift */ = {isa = PBXFileReference; fileEncoding = 4; lastKnownFileType = sourcecode.swift; path = CancelableStore.swift; sourceTree = "<group>"; };
		E6E815792695BC3300407941 /* NavigationButton.swift */ = {isa = PBXFileReference; fileEncoding = 4; lastKnownFileType = sourcecode.swift; path = NavigationButton.swift; sourceTree = "<group>"; };
		E6E8157F2695BE5B00407941 /* KeyboardObserver.swift */ = {isa = PBXFileReference; lastKnownFileType = sourcecode.swift; path = KeyboardObserver.swift; sourceTree = "<group>"; };
		E6E8158A2695C4FD00407941 /* CategoryDetailView.swift */ = {isa = PBXFileReference; fileEncoding = 4; lastKnownFileType = sourcecode.swift; path = CategoryDetailView.swift; sourceTree = "<group>"; };
		E6E815952695C54A00407941 /* Category.swift */ = {isa = PBXFileReference; fileEncoding = 4; lastKnownFileType = sourcecode.swift; path = Category.swift; sourceTree = "<group>"; };
		E6E815982695C55E00407941 /* MarketService.swift */ = {isa = PBXFileReference; fileEncoding = 4; lastKnownFileType = sourcecode.swift; path = MarketService.swift; sourceTree = "<group>"; };
		E6E815A22695C7DF00407941 /* en */ = {isa = PBXFileReference; lastKnownFileType = text.plist.strings; name = en; path = en.lproj/Localizable.strings; sourceTree = "<group>"; };
		E6E815A52695CB0800407941 /* ru */ = {isa = PBXFileReference; lastKnownFileType = text.plist.strings; name = ru; path = ru.lproj/LaunchScreen.strings; sourceTree = "<group>"; };
		E6E815A62695CB0800407941 /* ru */ = {isa = PBXFileReference; lastKnownFileType = text.plist.strings; name = ru; path = ru.lproj/Localizable.strings; sourceTree = "<group>"; };
		E6E815A72696C46700407941 /* Locale+Ex.swift */ = {isa = PBXFileReference; lastKnownFileType = sourcecode.swift; path = "Locale+Ex.swift"; sourceTree = "<group>"; };
		E6E815AC2696C4D700407941 /* Collection+Ex.swift */ = {isa = PBXFileReference; lastKnownFileType = sourcecode.swift; path = "Collection+Ex.swift"; sourceTree = "<group>"; };
		E6E815B02696C51500407941 /* String+Ex.swift */ = {isa = PBXFileReference; lastKnownFileType = sourcecode.swift; path = "String+Ex.swift"; sourceTree = "<group>"; };
		E6E815B22696C54A00407941 /* KeyPath+Ex.swift */ = {isa = PBXFileReference; lastKnownFileType = sourcecode.swift; path = "KeyPath+Ex.swift"; sourceTree = "<group>"; };
/* End PBXFileReference section */

/* Begin PBXFrameworksBuildPhase section */
		E6E815252695BA0E00407941 /* Frameworks */ = {
			isa = PBXFrameworksBuildPhase;
			buildActionMask = 2147483647;
			files = (
				E662105A2696D52100B2B861 /* Moya in Frameworks */,
				E66210582696D52100B2B861 /* CombineMoya in Frameworks */,
			);
			runOnlyForDeploymentPostprocessing = 0;
		};
		E6E8153B2695BA1000407941 /* Frameworks */ = {
			isa = PBXFrameworksBuildPhase;
			buildActionMask = 2147483647;
			files = (
			);
			runOnlyForDeploymentPostprocessing = 0;
		};
		E6E815462695BA1000407941 /* Frameworks */ = {
			isa = PBXFrameworksBuildPhase;
			buildActionMask = 2147483647;
			files = (
			);
			runOnlyForDeploymentPostprocessing = 0;
		};
/* End PBXFrameworksBuildPhase section */

/* Begin PBXGroup section */
		E6474CD32697191900717AE2 /* CategoriesListView */ = {
			isa = PBXGroup;
			children = (
				E6474CCF2697191000717AE2 /* CategoryCell.swift */,
				E6474CCD2697191000717AE2 /* CategoriesListView.swift */,
				E6474CCE2697191000717AE2 /* CategoriesListViewModel.swift */,
			);
			path = CategoriesListView;
			sourceTree = "<group>";
		};
		E66210552696D45E00B2B861 /* Data */ = {
			isa = PBXGroup;
			children = (
				E662106A2696E5C800B2B861 /* API */,
			);
			path = Data;
			sourceTree = "<group>";
		};
		E66210632696DC1D00B2B861 /* Models */ = {
			isa = PBXGroup;
			children = (
				E66210612696DC1500B2B861 /* CategoriesResponse.swift */,
			);
			path = Models;
			sourceTree = "<group>";
		};
		E66210642696DC3300B2B861 /* Models */ = {
			isa = PBXGroup;
			children = (
				E6E815952695C54A00407941 /* Category.swift */,
			);
			path = Models;
			sourceTree = "<group>";
		};
		E66210692696E57200B2B861 /* Common */ = {
			isa = PBXGroup;
			children = (
				E66210532696D45100B2B861 /* API.swift */,
				E66210652696DD6800B2B861 /* ModelTargetType.swift */,
				E6474CD426981E0800717AE2 /* ErrorHandler.swift */,
				E662105D2696D7BE00B2B861 /* Target.swift */,
				E662105B2696D77F00B2B861 /* Headers.swift */,
			);
			path = Common;
			sourceTree = "<group>";
		};
		E662106A2696E5C800B2B861 /* API */ = {
			isa = PBXGroup;
			children = (
				E66210692696E57200B2B861 /* Common */,
				E662105F2696DBDA00B2B861 /* Products.swift */,
				E66210632696DC1D00B2B861 /* Models */,
			);
			path = API;
			sourceTree = "<group>";
		};
		E6A9FFD726B3E5AB00D0CD4A /* UIViewControllerRepresentables */ = {
			isa = PBXGroup;
			children = (
				E6A9FFD526B3CDED00D0CD4A /* ImagePicker.swift */,
			);
			path = UIViewControllerRepresentables;
			sourceTree = "<group>";
		};
		E6E8151F2695BA0E00407941 = {
			isa = PBXGroup;
			children = (
				E6E8152A2695BA0E00407941 /* MVVMTemplate */,
				E6E815412695BA1000407941 /* MVVMTemplateTests */,
				E6E8154C2695BA1000407941 /* MVVMTemplateUITests */,
				E6E815292695BA0E00407941 /* Products */,
			);
			sourceTree = "<group>";
		};
		E6E815292695BA0E00407941 /* Products */ = {
			isa = PBXGroup;
			children = (
				E6E815282695BA0E00407941 /* MVVMTemplate.app */,
				E6E8153E2695BA1000407941 /* MVVMTemplateTests.xctest */,
				E6E815492695BA1000407941 /* MVVMTemplateUITests.xctest */,
			);
			name = Products;
			sourceTree = "<group>";
		};
		E6E8152A2695BA0E00407941 /* MVVMTemplate */ = {
			isa = PBXGroup;
			children = (
				E6E815882695C4C100407941 /* View */,
				E6E815872695C47900407941 /* Model */,
				E66210552696D45E00B2B861 /* Data */,
				E6E8155B2695BA4600407941 /* Application */,
				E6E8159B2695C76B00407941 /* Resoruces */,
				E6E815722695BC3300407941 /* Helpers */,
				E6E815332695BA1000407941 /* Preview Content */,
				E6E815392695BA1000407941 /* Info.plist */,
				E6E815362695BA1000407941 /* LaunchScreen.storyboard */,
			);
			path = MVVMTemplate;
			sourceTree = "<group>";
		};
		E6E815332695BA1000407941 /* Preview Content */ = {
			isa = PBXGroup;
			children = (
				E6E815342695BA1000407941 /* Preview Assets.xcassets */,
			);
			path = "Preview Content";
			sourceTree = "<group>";
		};
		E6E815412695BA1000407941 /* MVVMTemplateTests */ = {
			isa = PBXGroup;
			children = (
				E6E815422695BA1000407941 /* MVVMTemplateTests.swift */,
				E6E815442695BA1000407941 /* Info.plist */,
			);
			path = MVVMTemplateTests;
			sourceTree = "<group>";
		};
		E6E8154C2695BA1000407941 /* MVVMTemplateUITests */ = {
			isa = PBXGroup;
			children = (
				E6E8154D2695BA1000407941 /* MVVMTemplateUITests.swift */,
				E6E8154F2695BA1000407941 /* Info.plist */,
			);
			path = MVVMTemplateUITests;
			sourceTree = "<group>";
		};
		E6E8155B2695BA4600407941 /* Application */ = {
			isa = PBXGroup;
			children = (
				E6E8152B2695BA0E00407941 /* AppDelegate.swift */,
				E6E8152D2695BA0E00407941 /* SceneDelegate.swift */,
			);
			path = Application;
			sourceTree = "<group>";
		};
		E6E815722695BC3300407941 /* Helpers */ = {
			isa = PBXGroup;
			children = (
				E6E815732695BC3300407941 /* Framework */,
				E6E815A92696C47B00407941 /* Extensions */,
				E6E815782695BC3300407941 /* Views */,
			);
			path = Helpers;
			sourceTree = "<group>";
		};
		E6E815732695BC3300407941 /* Framework */ = {
			isa = PBXGroup;
			children = (
				E6E8155C2695BA8B00407941 /* ViewModel.swift */,
				E6E8157F2695BE5B00407941 /* KeyboardObserver.swift */,
				E67B57562699B5C4008C7E03 /* View+Ex.swift */,
				E6E815752695BC3300407941 /* Optional+Ex.swift */,
				E6E815B02696C51500407941 /* String+Ex.swift */,
				E6474CD626981FB300717AE2 /* Data+Ex.swift */,
				E6E815B22696C54A00407941 /* KeyPath+Ex.swift */,
				E6E815AC2696C4D700407941 /* Collection+Ex.swift */,
				E6E815742695BC3300407941 /* UserDefault.swift */,
				E6A9FFDA26B3F6A500D0CD4A /* LocalImage.swift */,
				E6E815762695BC3300407941 /* CancelableStore.swift */,
			);
			path = Framework;
			sourceTree = "<group>";
		};
		E6E815782695BC3300407941 /* Views */ = {
			isa = PBXGroup;
			children = (
				E6E815792695BC3300407941 /* NavigationButton.swift */,
				E6474CDC26987E6F00717AE2 /* AsyncImage.swift */,
			);
			path = Views;
			sourceTree = "<group>";
		};
		E6E815872695C47900407941 /* Model */ = {
			isa = PBXGroup;
			children = (
				E6E815972695C55E00407941 /* Services */,
				E66210642696DC3300B2B861 /* Models */,
			);
			path = Model;
			sourceTree = "<group>";
		};
		E6E815882695C4C100407941 /* View */ = {
			isa = PBXGroup;
			children = (
				E6474CD32697191900717AE2 /* CategoriesListView */,
				E6E815892695C4FD00407941 /* CategoryDetailView */,
				E6A9FFD726B3E5AB00D0CD4A /* UIViewControllerRepresentables */,
			);
			path = View;
			sourceTree = "<group>";
		};
		E6E815892695C4FD00407941 /* CategoryDetailView */ = {
			isa = PBXGroup;
			children = (
				E6E8158A2695C4FD00407941 /* CategoryDetailView.swift */,
				E62428B426971763004DAF79 /* CategoryDetailsViewModel.swift */,
			);
			path = CategoryDetailView;
			sourceTree = "<group>";
		};
		E6E815972695C55E00407941 /* Services */ = {
			isa = PBXGroup;
			children = (
				E6E815982695C55E00407941 /* MarketService.swift */,
				E6A9FFD826B3E6A000D0CD4A /* LocalStorageService.swift */,
			);
			path = Services;
			sourceTree = "<group>";
		};
		E6E8159B2695C76B00407941 /* Resoruces */ = {
			isa = PBXGroup;
			children = (
				E6E815312695BA1000407941 /* Assets.xcassets */,
				E66210672696E0C700B2B861 /* Constants.swift */,
				E6E815A02695C7C500407941 /* Localizable.strings */,
			);
			path = Resoruces;
			sourceTree = "<group>";
		};
		E6E815A92696C47B00407941 /* Extensions */ = {
			isa = PBXGroup;
			children = (
				E6474CDA2698741C00717AE2 /* TextStyle+Ex.swift */,
				E6E815A72696C46700407941 /* Locale+Ex.swift */,
				E6474CD82698217300717AE2 /* JSONCoder+Ex.swift */,
			);
			path = Extensions;
			sourceTree = "<group>";
		};
/* End PBXGroup section */

/* Begin PBXNativeTarget section */
		E6E815272695BA0E00407941 /* MVVMTemplate */ = {
			isa = PBXNativeTarget;
			buildConfigurationList = E6E815522695BA1000407941 /* Build configuration list for PBXNativeTarget "MVVMTemplate" */;
			buildPhases = (
				E6E815242695BA0E00407941 /* Sources */,
				E6E815252695BA0E00407941 /* Frameworks */,
				E6E815262695BA0E00407941 /* Resources */,
				E67B575D269C28D5008C7E03 /* Run Swiftlint */,
			);
			buildRules = (
			);
			dependencies = (
			);
			name = MVVMTemplate;
			packageProductDependencies = (
				E66210572696D52100B2B861 /* CombineMoya */,
				E66210592696D52100B2B861 /* Moya */,
			);
			productName = MVVMTemplate;
			productReference = E6E815282695BA0E00407941 /* MVVMTemplate.app */;
			productType = "com.apple.product-type.application";
		};
		E6E8153D2695BA1000407941 /* MVVMTemplateTests */ = {
			isa = PBXNativeTarget;
			buildConfigurationList = E6E815552695BA1000407941 /* Build configuration list for PBXNativeTarget "MVVMTemplateTests" */;
			buildPhases = (
				E6E8153A2695BA1000407941 /* Sources */,
				E6E8153B2695BA1000407941 /* Frameworks */,
				E6E8153C2695BA1000407941 /* Resources */,
			);
			buildRules = (
			);
			dependencies = (
				E6E815402695BA1000407941 /* PBXTargetDependency */,
			);
			name = MVVMTemplateTests;
			productName = MVVMTemplateTests;
			productReference = E6E8153E2695BA1000407941 /* MVVMTemplateTests.xctest */;
			productType = "com.apple.product-type.bundle.unit-test";
		};
		E6E815482695BA1000407941 /* MVVMTemplateUITests */ = {
			isa = PBXNativeTarget;
			buildConfigurationList = E6E815582695BA1000407941 /* Build configuration list for PBXNativeTarget "MVVMTemplateUITests" */;
			buildPhases = (
				E6E815452695BA1000407941 /* Sources */,
				E6E815462695BA1000407941 /* Frameworks */,
				E6E815472695BA1000407941 /* Resources */,
			);
			buildRules = (
			);
			dependencies = (
				E6E8154B2695BA1000407941 /* PBXTargetDependency */,
			);
			name = MVVMTemplateUITests;
			productName = MVVMTemplateUITests;
			productReference = E6E815492695BA1000407941 /* MVVMTemplateUITests.xctest */;
			productType = "com.apple.product-type.bundle.ui-testing";
		};
/* End PBXNativeTarget section */

/* Begin PBXProject section */
		E6E815202695BA0E00407941 /* Project object */ = {
			isa = PBXProject;
			attributes = {
				LastSwiftUpdateCheck = 1250;
				LastUpgradeCheck = 1250;
				TargetAttributes = {
					E6E815272695BA0E00407941 = {
						CreatedOnToolsVersion = 12.5;
					};
					E6E8153D2695BA1000407941 = {
						CreatedOnToolsVersion = 12.5;
						TestTargetID = E6E815272695BA0E00407941;
					};
					E6E815482695BA1000407941 = {
						CreatedOnToolsVersion = 12.5;
						TestTargetID = E6E815272695BA0E00407941;
					};
				};
			};
			buildConfigurationList = E6E815232695BA0E00407941 /* Build configuration list for PBXProject "MVVMTemplate" */;
			compatibilityVersion = "Xcode 9.3";
			developmentRegion = en;
			hasScannedForEncodings = 0;
			knownRegions = (
				en,
				Base,
				ru,
			);
			mainGroup = E6E8151F2695BA0E00407941;
			packageReferences = (
				E66210562696D52100B2B861 /* XCRemoteSwiftPackageReference "Moya" */,
			);
			productRefGroup = E6E815292695BA0E00407941 /* Products */;
			projectDirPath = "";
			projectRoot = "";
			targets = (
				E6E815272695BA0E00407941 /* MVVMTemplate */,
				E6E8153D2695BA1000407941 /* MVVMTemplateTests */,
				E6E815482695BA1000407941 /* MVVMTemplateUITests */,
			);
		};
/* End PBXProject section */

/* Begin PBXResourcesBuildPhase section */
		E6E815262695BA0E00407941 /* Resources */ = {
			isa = PBXResourcesBuildPhase;
			buildActionMask = 2147483647;
			files = (
				E6E815382695BA1000407941 /* LaunchScreen.storyboard in Resources */,
				E6E8159E2695C7C500407941 /* Localizable.strings in Resources */,
				E6E815352695BA1000407941 /* Preview Assets.xcassets in Resources */,
				E6E815322695BA1000407941 /* Assets.xcassets in Resources */,
			);
			runOnlyForDeploymentPostprocessing = 0;
		};
		E6E8153C2695BA1000407941 /* Resources */ = {
			isa = PBXResourcesBuildPhase;
			buildActionMask = 2147483647;
			files = (
			);
			runOnlyForDeploymentPostprocessing = 0;
		};
		E6E815472695BA1000407941 /* Resources */ = {
			isa = PBXResourcesBuildPhase;
			buildActionMask = 2147483647;
			files = (
			);
			runOnlyForDeploymentPostprocessing = 0;
		};
/* End PBXResourcesBuildPhase section */

/* Begin PBXShellScriptBuildPhase section */
		E67B575D269C28D5008C7E03 /* Run Swiftlint */ = {
			isa = PBXShellScriptBuildPhase;
			buildActionMask = 2147483647;
			files = (
			);
			inputFileListPaths = (
			);
			inputPaths = (
			);
			name = "Run Swiftlint";
			outputFileListPaths = (
			);
			outputPaths = (
			);
			runOnlyForDeploymentPostprocessing = 0;
			shellPath = /bin/sh;
			shellScript = "if which swiftlint >/dev/null; then\n  swiftlint\nelse\n  echo \"warning: SwiftLint not installed, download from https://github.com/realm/SwiftLint\"\nfi\n";
		};
/* End PBXShellScriptBuildPhase section */

/* Begin PBXSourcesBuildPhase section */
		E6E815242695BA0E00407941 /* Sources */ = {
			isa = PBXSourcesBuildPhase;
			buildActionMask = 2147483647;
			files = (
				E6A9FFDB26B3F6A500D0CD4A /* LocalImage.swift in Sources */,
				E6474CD92698217300717AE2 /* JSONCoder+Ex.swift in Sources */,
				E6E8158C2695C4FD00407941 /* CategoryDetailView.swift in Sources */,
				E66210662696DD6800B2B861 /* ModelTargetType.swift in Sources */,
				E62428B526971763004DAF79 /* CategoryDetailsViewModel.swift in Sources */,
				E6E8157A2695BC3300407941 /* UserDefault.swift in Sources */,
				E6E8157C2695BC3300407941 /* CancelableStore.swift in Sources */,
				E6474CDD26987E6F00717AE2 /* AsyncImage.swift in Sources */,
				E6E8152C2695BA0E00407941 /* AppDelegate.swift in Sources */,
				E66210622696DC1500B2B861 /* CategoriesResponse.swift in Sources */,
				E662105E2696D7BE00B2B861 /* Target.swift in Sources */,
				E6E815AD2696C4D700407941 /* Collection+Ex.swift in Sources */,
				E6474CD526981E0800717AE2 /* ErrorHandler.swift in Sources */,
				E6E815B12696C51500407941 /* String+Ex.swift in Sources */,
				E6474CD726981FB300717AE2 /* Data+Ex.swift in Sources */,
				E6E815B32696C54A00407941 /* KeyPath+Ex.swift in Sources */,
				E662105C2696D77F00B2B861 /* Headers.swift in Sources */,
				E6E815A82696C46700407941 /* Locale+Ex.swift in Sources */,
				E6E815962695C54A00407941 /* Category.swift in Sources */,
				E6A9FFD626B3CDED00D0CD4A /* ImagePicker.swift in Sources */,
				E6E8157E2695BC3300407941 /* NavigationButton.swift in Sources */,
				E6474CDB2698741C00717AE2 /* TextStyle+Ex.swift in Sources */,
				E66210542696D45100B2B861 /* API.swift in Sources */,
				E6E8157B2695BC3300407941 /* Optional+Ex.swift in Sources */,
				E6E815802695BE5B00407941 /* KeyboardObserver.swift in Sources */,
				E67B57572699B5C4008C7E03 /* View+Ex.swift in Sources */,
				E6E815992695C55E00407941 /* MarketService.swift in Sources */,
				E6474CD12697191000717AE2 /* CategoriesListViewModel.swift in Sources */,
				E6E8155D2695BA8B00407941 /* ViewModel.swift in Sources */,
				E66210602696DBDA00B2B861 /* Products.swift in Sources */,
				E6474CD22697191000717AE2 /* CategoryCell.swift in Sources */,
				E6E8152E2695BA0E00407941 /* SceneDelegate.swift in Sources */,
				E66210682696E0C700B2B861 /* Constants.swift in Sources */,
				E6474CD02697191000717AE2 /* CategoriesListView.swift in Sources */,
				E6A9FFD926B3E6A000D0CD4A /* LocalStorageService.swift in Sources */,
			);
			runOnlyForDeploymentPostprocessing = 0;
		};
		E6E8153A2695BA1000407941 /* Sources */ = {
			isa = PBXSourcesBuildPhase;
			buildActionMask = 2147483647;
			files = (
				E6E815432695BA1000407941 /* MVVMTemplateTests.swift in Sources */,
			);
			runOnlyForDeploymentPostprocessing = 0;
		};
		E6E815452695BA1000407941 /* Sources */ = {
			isa = PBXSourcesBuildPhase;
			buildActionMask = 2147483647;
			files = (
				E6E8154E2695BA1000407941 /* MVVMTemplateUITests.swift in Sources */,
			);
			runOnlyForDeploymentPostprocessing = 0;
		};
/* End PBXSourcesBuildPhase section */

/* Begin PBXTargetDependency section */
		E6E815402695BA1000407941 /* PBXTargetDependency */ = {
			isa = PBXTargetDependency;
			target = E6E815272695BA0E00407941 /* MVVMTemplate */;
			targetProxy = E6E8153F2695BA1000407941 /* PBXContainerItemProxy */;
		};
		E6E8154B2695BA1000407941 /* PBXTargetDependency */ = {
			isa = PBXTargetDependency;
			target = E6E815272695BA0E00407941 /* MVVMTemplate */;
			targetProxy = E6E8154A2695BA1000407941 /* PBXContainerItemProxy */;
		};
/* End PBXTargetDependency section */

/* Begin PBXVariantGroup section */
		E6E815362695BA1000407941 /* LaunchScreen.storyboard */ = {
			isa = PBXVariantGroup;
			children = (
				E6E815372695BA1000407941 /* Base */,
				E6E815A52695CB0800407941 /* ru */,
			);
			name = LaunchScreen.storyboard;
			sourceTree = "<group>";
		};
		E6E815A02695C7C500407941 /* Localizable.strings */ = {
			isa = PBXVariantGroup;
			children = (
				E6E815A22695C7DF00407941 /* en */,
				E6E815A62695CB0800407941 /* ru */,
			);
			name = Localizable.strings;
			sourceTree = "<group>";
		};
/* End PBXVariantGroup section */

/* Begin XCBuildConfiguration section */
		E6E815502695BA1000407941 /* Debug */ = {
			isa = XCBuildConfiguration;
			buildSettings = {
				ALWAYS_SEARCH_USER_PATHS = NO;
				CLANG_ANALYZER_LOCALIZABILITY_NONLOCALIZED = YES;
				CLANG_ANALYZER_NONNULL = YES;
				CLANG_ANALYZER_NUMBER_OBJECT_CONVERSION = YES_AGGRESSIVE;
				CLANG_CXX_LANGUAGE_STANDARD = "gnu++14";
				CLANG_CXX_LIBRARY = "libc++";
				CLANG_ENABLE_MODULES = YES;
				CLANG_ENABLE_OBJC_ARC = YES;
				CLANG_ENABLE_OBJC_WEAK = YES;
				CLANG_WARN_BLOCK_CAPTURE_AUTORELEASING = YES;
				CLANG_WARN_BOOL_CONVERSION = YES;
				CLANG_WARN_COMMA = YES;
				CLANG_WARN_CONSTANT_CONVERSION = YES;
				CLANG_WARN_DEPRECATED_OBJC_IMPLEMENTATIONS = YES;
				CLANG_WARN_DIRECT_OBJC_ISA_USAGE = YES_ERROR;
				CLANG_WARN_DOCUMENTATION_COMMENTS = YES;
				CLANG_WARN_EMPTY_BODY = YES;
				CLANG_WARN_ENUM_CONVERSION = YES;
				CLANG_WARN_INFINITE_RECURSION = YES;
				CLANG_WARN_INT_CONVERSION = YES;
				CLANG_WARN_NON_LITERAL_NULL_CONVERSION = YES;
				CLANG_WARN_OBJC_IMPLICIT_RETAIN_SELF = YES;
				CLANG_WARN_OBJC_LITERAL_CONVERSION = YES;
				CLANG_WARN_OBJC_ROOT_CLASS = YES_ERROR;
				CLANG_WARN_QUOTED_INCLUDE_IN_FRAMEWORK_HEADER = YES;
				CLANG_WARN_RANGE_LOOP_ANALYSIS = YES;
				CLANG_WARN_STRICT_PROTOTYPES = YES;
				CLANG_WARN_SUSPICIOUS_MOVE = YES;
				CLANG_WARN_UNGUARDED_AVAILABILITY = YES_AGGRESSIVE;
				CLANG_WARN_UNREACHABLE_CODE = YES;
				CLANG_WARN__DUPLICATE_METHOD_MATCH = YES;
				COPY_PHASE_STRIP = NO;
				DEBUG_INFORMATION_FORMAT = dwarf;
				ENABLE_STRICT_OBJC_MSGSEND = YES;
				ENABLE_TESTABILITY = YES;
				GCC_C_LANGUAGE_STANDARD = gnu11;
				GCC_DYNAMIC_NO_PIC = NO;
				GCC_NO_COMMON_BLOCKS = YES;
				GCC_OPTIMIZATION_LEVEL = 0;
				GCC_PREPROCESSOR_DEFINITIONS = (
					"DEBUG=1",
					"$(inherited)",
				);
				GCC_WARN_64_TO_32_BIT_CONVERSION = YES;
				GCC_WARN_ABOUT_RETURN_TYPE = YES_ERROR;
				GCC_WARN_UNDECLARED_SELECTOR = YES;
				GCC_WARN_UNINITIALIZED_AUTOS = YES_AGGRESSIVE;
				GCC_WARN_UNUSED_FUNCTION = YES;
				GCC_WARN_UNUSED_VARIABLE = YES;
				IPHONEOS_DEPLOYMENT_TARGET = 14.5;
				MTL_ENABLE_DEBUG_INFO = INCLUDE_SOURCE;
				MTL_FAST_MATH = YES;
				ONLY_ACTIVE_ARCH = YES;
				SDKROOT = iphoneos;
				SWIFT_ACTIVE_COMPILATION_CONDITIONS = DEBUG;
				SWIFT_OPTIMIZATION_LEVEL = "-Onone";
			};
			name = Debug;
		};
		E6E815512695BA1000407941 /* Release */ = {
			isa = XCBuildConfiguration;
			buildSettings = {
				ALWAYS_SEARCH_USER_PATHS = NO;
				CLANG_ANALYZER_LOCALIZABILITY_NONLOCALIZED = YES;
				CLANG_ANALYZER_NONNULL = YES;
				CLANG_ANALYZER_NUMBER_OBJECT_CONVERSION = YES_AGGRESSIVE;
				CLANG_CXX_LANGUAGE_STANDARD = "gnu++14";
				CLANG_CXX_LIBRARY = "libc++";
				CLANG_ENABLE_MODULES = YES;
				CLANG_ENABLE_OBJC_ARC = YES;
				CLANG_ENABLE_OBJC_WEAK = YES;
				CLANG_WARN_BLOCK_CAPTURE_AUTORELEASING = YES;
				CLANG_WARN_BOOL_CONVERSION = YES;
				CLANG_WARN_COMMA = YES;
				CLANG_WARN_CONSTANT_CONVERSION = YES;
				CLANG_WARN_DEPRECATED_OBJC_IMPLEMENTATIONS = YES;
				CLANG_WARN_DIRECT_OBJC_ISA_USAGE = YES_ERROR;
				CLANG_WARN_DOCUMENTATION_COMMENTS = YES;
				CLANG_WARN_EMPTY_BODY = YES;
				CLANG_WARN_ENUM_CONVERSION = YES;
				CLANG_WARN_INFINITE_RECURSION = YES;
				CLANG_WARN_INT_CONVERSION = YES;
				CLANG_WARN_NON_LITERAL_NULL_CONVERSION = YES;
				CLANG_WARN_OBJC_IMPLICIT_RETAIN_SELF = YES;
				CLANG_WARN_OBJC_LITERAL_CONVERSION = YES;
				CLANG_WARN_OBJC_ROOT_CLASS = YES_ERROR;
				CLANG_WARN_QUOTED_INCLUDE_IN_FRAMEWORK_HEADER = YES;
				CLANG_WARN_RANGE_LOOP_ANALYSIS = YES;
				CLANG_WARN_STRICT_PROTOTYPES = YES;
				CLANG_WARN_SUSPICIOUS_MOVE = YES;
				CLANG_WARN_UNGUARDED_AVAILABILITY = YES_AGGRESSIVE;
				CLANG_WARN_UNREACHABLE_CODE = YES;
				CLANG_WARN__DUPLICATE_METHOD_MATCH = YES;
				COPY_PHASE_STRIP = NO;
				DEBUG_INFORMATION_FORMAT = "dwarf-with-dsym";
				ENABLE_NS_ASSERTIONS = NO;
				ENABLE_STRICT_OBJC_MSGSEND = YES;
				GCC_C_LANGUAGE_STANDARD = gnu11;
				GCC_NO_COMMON_BLOCKS = YES;
				GCC_WARN_64_TO_32_BIT_CONVERSION = YES;
				GCC_WARN_ABOUT_RETURN_TYPE = YES_ERROR;
				GCC_WARN_UNDECLARED_SELECTOR = YES;
				GCC_WARN_UNINITIALIZED_AUTOS = YES_AGGRESSIVE;
				GCC_WARN_UNUSED_FUNCTION = YES;
				GCC_WARN_UNUSED_VARIABLE = YES;
				IPHONEOS_DEPLOYMENT_TARGET = 14.5;
				MTL_ENABLE_DEBUG_INFO = NO;
				MTL_FAST_MATH = YES;
				SDKROOT = iphoneos;
				SWIFT_COMPILATION_MODE = wholemodule;
				SWIFT_OPTIMIZATION_LEVEL = "-O";
				VALIDATE_PRODUCT = YES;
			};
			name = Release;
		};
		E6E815532695BA1000407941 /* Debug */ = {
			isa = XCBuildConfiguration;
			buildSettings = {
				ASSETCATALOG_COMPILER_APPICON_NAME = AppIcon;
				ASSETCATALOG_COMPILER_GLOBAL_ACCENT_COLOR_NAME = AccentColor;
				CODE_SIGN_STYLE = Automatic;
				DEVELOPMENT_ASSET_PATHS = "\"MVVMTemplate/Preview Content\"";
				DEVELOPMENT_TEAM = RZ7DFJNR7Y;
				ENABLE_PREVIEWS = YES;
				INFOPLIST_FILE = MVVMTemplate/Info.plist;
				LD_RUNPATH_SEARCH_PATHS = (
					"$(inherited)",
					"@executable_path/Frameworks",
				);
				PRODUCT_BUNDLE_IDENTIFIER = com.spole.artjoms.MVVMTemplate;
				PRODUCT_NAME = "$(TARGET_NAME)";
				SWIFT_VERSION = 5.0;
				TARGETED_DEVICE_FAMILY = "1,2";
			};
			name = Debug;
		};
		E6E815542695BA1000407941 /* Release */ = {
			isa = XCBuildConfiguration;
			buildSettings = {
				ASSETCATALOG_COMPILER_APPICON_NAME = AppIcon;
				ASSETCATALOG_COMPILER_GLOBAL_ACCENT_COLOR_NAME = AccentColor;
				CODE_SIGN_STYLE = Automatic;
				DEVELOPMENT_ASSET_PATHS = "\"MVVMTemplate/Preview Content\"";
				DEVELOPMENT_TEAM = RZ7DFJNR7Y;
				ENABLE_PREVIEWS = YES;
				INFOPLIST_FILE = MVVMTemplate/Info.plist;
				LD_RUNPATH_SEARCH_PATHS = (
					"$(inherited)",
					"@executable_path/Frameworks",
				);
				PRODUCT_BUNDLE_IDENTIFIER = com.spole.artjoms.MVVMTemplate;
				PRODUCT_NAME = "$(TARGET_NAME)";
				SWIFT_VERSION = 5.0;
				TARGETED_DEVICE_FAMILY = "1,2";
			};
			name = Release;
		};
		E6E815562695BA1000407941 /* Debug */ = {
			isa = XCBuildConfiguration;
			buildSettings = {
				ALWAYS_EMBED_SWIFT_STANDARD_LIBRARIES = YES;
				BUNDLE_LOADER = "$(TEST_HOST)";
				CODE_SIGN_STYLE = Automatic;
				DEVELOPMENT_TEAM = RZ7DFJNR7Y;
				INFOPLIST_FILE = MVVMTemplateTests/Info.plist;
				IPHONEOS_DEPLOYMENT_TARGET = 14.5;
				LD_RUNPATH_SEARCH_PATHS = (
					"$(inherited)",
					"@executable_path/Frameworks",
					"@loader_path/Frameworks",
				);
				PRODUCT_BUNDLE_IDENTIFIER = com.spole.artjoms.MVVMTemplateTests;
				PRODUCT_NAME = "$(TARGET_NAME)";
				SWIFT_VERSION = 5.0;
				TARGETED_DEVICE_FAMILY = "1,2";
				TEST_HOST = "$(BUILT_PRODUCTS_DIR)/MVVMTemplate.app/MVVMTemplate";
			};
			name = Debug;
		};
		E6E815572695BA1000407941 /* Release */ = {
			isa = XCBuildConfiguration;
			buildSettings = {
				ALWAYS_EMBED_SWIFT_STANDARD_LIBRARIES = YES;
				BUNDLE_LOADER = "$(TEST_HOST)";
				CODE_SIGN_STYLE = Automatic;
				DEVELOPMENT_TEAM = RZ7DFJNR7Y;
				INFOPLIST_FILE = MVVMTemplateTests/Info.plist;
				IPHONEOS_DEPLOYMENT_TARGET = 14.5;
				LD_RUNPATH_SEARCH_PATHS = (
					"$(inherited)",
					"@executable_path/Frameworks",
					"@loader_path/Frameworks",
				);
				PRODUCT_BUNDLE_IDENTIFIER = com.spole.artjoms.MVVMTemplateTests;
				PRODUCT_NAME = "$(TARGET_NAME)";
				SWIFT_VERSION = 5.0;
				TARGETED_DEVICE_FAMILY = "1,2";
				TEST_HOST = "$(BUILT_PRODUCTS_DIR)/MVVMTemplate.app/MVVMTemplate";
			};
			name = Release;
		};
		E6E815592695BA1000407941 /* Debug */ = {
			isa = XCBuildConfiguration;
			buildSettings = {
				ALWAYS_EMBED_SWIFT_STANDARD_LIBRARIES = YES;
				CODE_SIGN_STYLE = Automatic;
				DEVELOPMENT_TEAM = RZ7DFJNR7Y;
				INFOPLIST_FILE = MVVMTemplateUITests/Info.plist;
				LD_RUNPATH_SEARCH_PATHS = (
					"$(inherited)",
					"@executable_path/Frameworks",
					"@loader_path/Frameworks",
				);
				PRODUCT_BUNDLE_IDENTIFIER = com.spole.artjoms.MVVMTemplateUITests;
				PRODUCT_NAME = "$(TARGET_NAME)";
				SWIFT_VERSION = 5.0;
				TARGETED_DEVICE_FAMILY = "1,2";
				TEST_TARGET_NAME = MVVMTemplate;
			};
			name = Debug;
		};
		E6E8155A2695BA1000407941 /* Release */ = {
			isa = XCBuildConfiguration;
			buildSettings = {
				ALWAYS_EMBED_SWIFT_STANDARD_LIBRARIES = YES;
				CODE_SIGN_STYLE = Automatic;
				DEVELOPMENT_TEAM = RZ7DFJNR7Y;
				INFOPLIST_FILE = MVVMTemplateUITests/Info.plist;
				LD_RUNPATH_SEARCH_PATHS = (
					"$(inherited)",
					"@executable_path/Frameworks",
					"@loader_path/Frameworks",
				);
				PRODUCT_BUNDLE_IDENTIFIER = com.spole.artjoms.MVVMTemplateUITests;
				PRODUCT_NAME = "$(TARGET_NAME)";
				SWIFT_VERSION = 5.0;
				TARGETED_DEVICE_FAMILY = "1,2";
				TEST_TARGET_NAME = MVVMTemplate;
			};
			name = Release;
		};
/* End XCBuildConfiguration section */

/* Begin XCConfigurationList section */
		E6E815232695BA0E00407941 /* Build configuration list for PBXProject "MVVMTemplate" */ = {
			isa = XCConfigurationList;
			buildConfigurations = (
				E6E815502695BA1000407941 /* Debug */,
				E6E815512695BA1000407941 /* Release */,
			);
			defaultConfigurationIsVisible = 0;
			defaultConfigurationName = Release;
		};
		E6E815522695BA1000407941 /* Build configuration list for PBXNativeTarget "MVVMTemplate" */ = {
			isa = XCConfigurationList;
			buildConfigurations = (
				E6E815532695BA1000407941 /* Debug */,
				E6E815542695BA1000407941 /* Release */,
			);
			defaultConfigurationIsVisible = 0;
			defaultConfigurationName = Release;
		};
		E6E815552695BA1000407941 /* Build configuration list for PBXNativeTarget "MVVMTemplateTests" */ = {
			isa = XCConfigurationList;
			buildConfigurations = (
				E6E815562695BA1000407941 /* Debug */,
				E6E815572695BA1000407941 /* Release */,
			);
			defaultConfigurationIsVisible = 0;
			defaultConfigurationName = Release;
		};
		E6E815582695BA1000407941 /* Build configuration list for PBXNativeTarget "MVVMTemplateUITests" */ = {
			isa = XCConfigurationList;
			buildConfigurations = (
				E6E815592695BA1000407941 /* Debug */,
				E6E8155A2695BA1000407941 /* Release */,
			);
			defaultConfigurationIsVisible = 0;
			defaultConfigurationName = Release;
		};
/* End XCConfigurationList section */

/* Begin XCRemoteSwiftPackageReference section */
		E66210562696D52100B2B861 /* XCRemoteSwiftPackageReference "Moya" */ = {
			isa = XCRemoteSwiftPackageReference;
			repositoryURL = "https://github.com/Moya/Moya";
			requirement = {
				kind = revision;
				revision = e5a28fb62dd5ff4e17b7025643366550044a40b0;
			};
		};
/* End XCRemoteSwiftPackageReference section */

/* Begin XCSwiftPackageProductDependency section */
		E66210572696D52100B2B861 /* CombineMoya */ = {
			isa = XCSwiftPackageProductDependency;
			package = E66210562696D52100B2B861 /* XCRemoteSwiftPackageReference "Moya" */;
			productName = CombineMoya;
		};
		E66210592696D52100B2B861 /* Moya */ = {
			isa = XCSwiftPackageProductDependency;
			package = E66210562696D52100B2B861 /* XCRemoteSwiftPackageReference "Moya" */;
			productName = Moya;
		};
/* End XCSwiftPackageProductDependency section */
	};
	rootObject = E6E815202695BA0E00407941 /* Project object */;
}
