// !$*UTF8*$!
{
	archiveVersion = 1;
	classes = {
	};
	objectVersion = 52;
	objects = {

/* Begin PBXBuildFile section */
		60719A2C2848AD3F00448651 /* View+Ex.swift in Sources */ = {isa = PBXBuildFile; fileRef = 60719A2B2848AD3F00448651 /* View+Ex.swift */; };
		60719A2E2848CE5700448651 /* ContentView.swift in Sources */ = {isa = PBXBuildFile; fileRef = 60719A2D2848CE5700448651 /* ContentView.swift */; };
		60719A302848CE6100448651 /* ContentViewModel.swift in Sources */ = {isa = PBXBuildFile; fileRef = 60719A2F2848CE6100448651 /* ContentViewModel.swift */; };
		60719A332848CE7F00448651 /* ContentViewIO.swift in Sources */ = {isa = PBXBuildFile; fileRef = 60719A322848CE7F00448651 /* ContentViewIO.swift */; };
		60719A352848E64E00448651 /* Preferences.swift in Sources */ = {isa = PBXBuildFile; fileRef = 60719A342848E64E00448651 /* Preferences.swift */; };
		60719A372848E9CE00448651 /* OnboardingView.swift in Sources */ = {isa = PBXBuildFile; fileRef = 60719A362848E9CE00448651 /* OnboardingView.swift */; };
		60719A392848E9DC00448651 /* OnboardingIO.swift in Sources */ = {isa = PBXBuildFile; fileRef = 60719A382848E9DC00448651 /* OnboardingIO.swift */; };
		60719A3B2848E9E700448651 /* OnboardingViewModel.swift in Sources */ = {isa = PBXBuildFile; fileRef = 60719A3A2848E9E700448651 /* OnboardingViewModel.swift */; };
		60719A40284A158500448651 /* API.swift in Sources */ = {isa = PBXBuildFile; fileRef = 60719A3F284A158500448651 /* API.swift */; };
		60719A44284A1CCC00448651 /* Models.swift in Sources */ = {isa = PBXBuildFile; fileRef = 60719A43284A1CCC00448651 /* Models.swift */; };
		60A9B6DF284A32A80063AFCC /* TargetType.swift in Sources */ = {isa = PBXBuildFile; fileRef = 60A9B6DE284A32A80063AFCC /* TargetType.swift */; };
		60A9B6E1284A34D60063AFCC /* APIError.swift in Sources */ = {isa = PBXBuildFile; fileRef = 60A9B6E0284A34D60063AFCC /* APIError.swift */; };
		60A9B6E3284A354B0063AFCC /* APITarget.swift in Sources */ = {isa = PBXBuildFile; fileRef = 60A9B6E2284A354B0063AFCC /* APITarget.swift */; };
		60A9B6E5284A37D80063AFCC /* APICoders.swift in Sources */ = {isa = PBXBuildFile; fileRef = 60A9B6E4284A37D80063AFCC /* APICoders.swift */; };
		60A9B6E7284A39FA0063AFCC /* ErrorHandler.swift in Sources */ = {isa = PBXBuildFile; fileRef = 60A9B6E6284A39FA0063AFCC /* ErrorHandler.swift */; };
		60A9B6E9284A3A600063AFCC /* Provider.swift in Sources */ = {isa = PBXBuildFile; fileRef = 60A9B6E8284A3A600063AFCC /* Provider.swift */; };
		60A9B6ED284A3E850063AFCC /* Shop.swift in Sources */ = {isa = PBXBuildFile; fileRef = 60A9B6EC284A3E850063AFCC /* Shop.swift */; };
		60A9B6EF284DCD870063AFCC /* Model.swift in Sources */ = {isa = PBXBuildFile; fileRef = 60A9B6EE284DCD870063AFCC /* Model.swift */; };
		60A9B6F1284DCEFC0063AFCC /* ProductResponse.json in Resources */ = {isa = PBXBuildFile; fileRef = 60A9B6F0284DCEFC0063AFCC /* ProductResponse.json */; };
		60A9B6F4284DD4070063AFCC /* Product.swift in Sources */ = {isa = PBXBuildFile; fileRef = 60A9B6F3284DD4070063AFCC /* Product.swift */; };
		60A9B6F6284DDA290063AFCC /* ShopService.swift in Sources */ = {isa = PBXBuildFile; fileRef = 60A9B6F5284DDA290063AFCC /* ShopService.swift */; };
		60A9B6FA284DEA340063AFCC /* Error+Ex.swift in Sources */ = {isa = PBXBuildFile; fileRef = 60A9B6F9284DEA340063AFCC /* Error+Ex.swift */; };
		60A9B6FE284DF6F10063AFCC /* PlaceholderProvider.swift in Sources */ = {isa = PBXBuildFile; fileRef = 60A9B6FD284DF6F10063AFCC /* PlaceholderProvider.swift */; };
		60A9B700284E23C60063AFCC /* String+Ex.swift in Sources */ = {isa = PBXBuildFile; fileRef = 60A9B6FF284E23C60063AFCC /* String+Ex.swift */; };
		60A9B702284E250B0063AFCC /* Price+Ex.swift in Sources */ = {isa = PBXBuildFile; fileRef = 60A9B701284E250B0063AFCC /* Price+Ex.swift */; };
		60A9B704284E2AE10063AFCC /* Color+Ex.swift in Sources */ = {isa = PBXBuildFile; fileRef = 60A9B703284E2AE00063AFCC /* Color+Ex.swift */; };
		60E5D6072846246A0054B432 /* MasterViewIO.swift in Sources */ = {isa = PBXBuildFile; fileRef = 60E5D6062846246A0054B432 /* MasterViewIO.swift */; };
		60E5D609284624900054B432 /* MasterView.swift in Sources */ = {isa = PBXBuildFile; fileRef = 60E5D608284624900054B432 /* MasterView.swift */; };
		60E5D60C284624FE0054B432 /* Imports.swift in Sources */ = {isa = PBXBuildFile; fileRef = 60E5D60B284624FE0054B432 /* Imports.swift */; };
		60E5D60F284625530054B432 /* MPArchitectureMVVM in Frameworks */ = {isa = PBXBuildFile; productRef = 60E5D60E284625530054B432 /* MPArchitectureMVVM */; };
		60E5D611284625530054B432 /* MPSwiftUI in Frameworks */ = {isa = PBXBuildFile; productRef = 60E5D610284625530054B432 /* MPSwiftUI */; };
		60E5D613284625530054B432 /* MPFoundation in Frameworks */ = {isa = PBXBuildFile; productRef = 60E5D612284625530054B432 /* MPFoundation */; };
		60E5D615284626F10054B432 /* ViewModelBase.swift in Sources */ = {isa = PBXBuildFile; fileRef = 60E5D614284626F10054B432 /* ViewModelBase.swift */; };
		60E5D61928462AA10054B432 /* MasterViewModel.swift in Sources */ = {isa = PBXBuildFile; fileRef = 60E5D61828462AA10054B432 /* MasterViewModel.swift */; };
		60E5D61E28462C050054B432 /* DetailView.swift in Sources */ = {isa = PBXBuildFile; fileRef = 60E5D61D28462C050054B432 /* DetailView.swift */; };
		60E5D62128462C160054B432 /* DetailViewIO.swift in Sources */ = {isa = PBXBuildFile; fileRef = 60E5D62028462C160054B432 /* DetailViewIO.swift */; };
		60E5D62428462C7B0054B432 /* DetailViewModel.swift in Sources */ = {isa = PBXBuildFile; fileRef = 60E5D62328462C7B0054B432 /* DetailViewModel.swift */; };
		60E5D62B28476E4E0054B432 /* MPArchitectureMVVM in Frameworks */ = {isa = PBXBuildFile; productRef = 60E5D62A28476E4E0054B432 /* MPArchitectureMVVM */; };
		60E5D62E28476E7B0054B432 /* MPArchitectureMVVM in Frameworks */ = {isa = PBXBuildFile; productRef = 60E5D62D28476E7B0054B432 /* MPArchitectureMVVM */; };
		60E5D63128476E9F0054B432 /* MPArchitectureMVVM in Frameworks */ = {isa = PBXBuildFile; productRef = 60E5D63028476E9F0054B432 /* MPArchitectureMVVM */; };
		60E5D63428476ED60054B432 /* MPArchitectureMVVM in Frameworks */ = {isa = PBXBuildFile; productRef = 60E5D63328476ED60054B432 /* MPArchitectureMVVM */; };
		E6474CDB2698741C00717AE2 /* TextStyle+Ex.swift in Sources */ = {isa = PBXBuildFile; fileRef = E6474CDA2698741C00717AE2 /* TextStyle+Ex.swift */; };
		E66210582696D52100B2B861 /* CombineMoya in Frameworks */ = {isa = PBXBuildFile; productRef = E66210572696D52100B2B861 /* CombineMoya */; };
		E662105A2696D52100B2B861 /* Moya in Frameworks */ = {isa = PBXBuildFile; productRef = E66210592696D52100B2B861 /* Moya */; };
		E66210682696E0C700B2B861 /* Constants.swift in Sources */ = {isa = PBXBuildFile; fileRef = E66210672696E0C700B2B861 /* Constants.swift */; };
		E6E8152C2695BA0E00407941 /* AppDelegate.swift in Sources */ = {isa = PBXBuildFile; fileRef = E6E8152B2695BA0E00407941 /* AppDelegate.swift */; };
		E6E8152E2695BA0E00407941 /* SceneDelegate.swift in Sources */ = {isa = PBXBuildFile; fileRef = E6E8152D2695BA0E00407941 /* SceneDelegate.swift */; };
		E6E815322695BA1000407941 /* Assets.xcassets in Resources */ = {isa = PBXBuildFile; fileRef = E6E815312695BA1000407941 /* Assets.xcassets */; };
		E6E815352695BA1000407941 /* Preview Assets.xcassets in Resources */ = {isa = PBXBuildFile; fileRef = E6E815342695BA1000407941 /* Preview Assets.xcassets */; };
		E6E815382695BA1000407941 /* LaunchScreen.storyboard in Resources */ = {isa = PBXBuildFile; fileRef = E6E815362695BA1000407941 /* LaunchScreen.storyboard */; };
		E6E815432695BA1000407941 /* MVVMTemplateTests.swift in Sources */ = {isa = PBXBuildFile; fileRef = E6E815422695BA1000407941 /* MVVMTemplateTests.swift */; };
		E6E8154E2695BA1000407941 /* MVVMTemplateUITests.swift in Sources */ = {isa = PBXBuildFile; fileRef = E6E8154D2695BA1000407941 /* MVVMTemplateUITests.swift */; };
		E6E8159E2695C7C500407941 /* Localizable.strings in Resources */ = {isa = PBXBuildFile; fileRef = E6E815A02695C7C500407941 /* Localizable.strings */; };
		E6E815A82696C46700407941 /* Locale+Ex.swift in Sources */ = {isa = PBXBuildFile; fileRef = E6E815A72696C46700407941 /* Locale+Ex.swift */; };
/* End PBXBuildFile section */

/* Begin PBXContainerItemProxy section */
		E6E8153F2695BA1000407941 /* PBXContainerItemProxy */ = {
			isa = PBXContainerItemProxy;
			containerPortal = E6E815202695BA0E00407941 /* Project object */;
			proxyType = 1;
			remoteGlobalIDString = E6E815272695BA0E00407941;
			remoteInfo = MVVMTemplate;
		};
		E6E8154A2695BA1000407941 /* PBXContainerItemProxy */ = {
			isa = PBXContainerItemProxy;
			containerPortal = E6E815202695BA0E00407941 /* Project object */;
			proxyType = 1;
			remoteGlobalIDString = E6E815272695BA0E00407941;
			remoteInfo = MVVMTemplate;
		};
/* End PBXContainerItemProxy section */

/* Begin PBXFileReference section */
		60719A2B2848AD3F00448651 /* View+Ex.swift */ = {isa = PBXFileReference; lastKnownFileType = sourcecode.swift; path = "View+Ex.swift"; sourceTree = "<group>"; };
		60719A2D2848CE5700448651 /* ContentView.swift */ = {isa = PBXFileReference; lastKnownFileType = sourcecode.swift; path = ContentView.swift; sourceTree = "<group>"; };
		60719A2F2848CE6100448651 /* ContentViewModel.swift */ = {isa = PBXFileReference; lastKnownFileType = sourcecode.swift; path = ContentViewModel.swift; sourceTree = "<group>"; };
		60719A322848CE7F00448651 /* ContentViewIO.swift */ = {isa = PBXFileReference; lastKnownFileType = sourcecode.swift; path = ContentViewIO.swift; sourceTree = "<group>"; };
		60719A342848E64E00448651 /* Preferences.swift */ = {isa = PBXFileReference; lastKnownFileType = sourcecode.swift; path = Preferences.swift; sourceTree = "<group>"; };
		60719A362848E9CE00448651 /* OnboardingView.swift */ = {isa = PBXFileReference; lastKnownFileType = sourcecode.swift; path = OnboardingView.swift; sourceTree = "<group>"; };
		60719A382848E9DC00448651 /* OnboardingIO.swift */ = {isa = PBXFileReference; lastKnownFileType = sourcecode.swift; path = OnboardingIO.swift; sourceTree = "<group>"; };
		60719A3A2848E9E700448651 /* OnboardingViewModel.swift */ = {isa = PBXFileReference; lastKnownFileType = sourcecode.swift; path = OnboardingViewModel.swift; sourceTree = "<group>"; };
		60719A3F284A158500448651 /* API.swift */ = {isa = PBXFileReference; lastKnownFileType = sourcecode.swift; path = API.swift; sourceTree = "<group>"; };
		60719A43284A1CCC00448651 /* Models.swift */ = {isa = PBXFileReference; lastKnownFileType = sourcecode.swift; path = Models.swift; sourceTree = "<group>"; };
		60A9B6DE284A32A80063AFCC /* TargetType.swift */ = {isa = PBXFileReference; lastKnownFileType = sourcecode.swift; path = TargetType.swift; sourceTree = "<group>"; };
		60A9B6E0284A34D60063AFCC /* APIError.swift */ = {isa = PBXFileReference; lastKnownFileType = sourcecode.swift; path = APIError.swift; sourceTree = "<group>"; };
		60A9B6E2284A354B0063AFCC /* APITarget.swift */ = {isa = PBXFileReference; lastKnownFileType = sourcecode.swift; path = APITarget.swift; sourceTree = "<group>"; };
		60A9B6E4284A37D80063AFCC /* APICoders.swift */ = {isa = PBXFileReference; lastKnownFileType = sourcecode.swift; path = APICoders.swift; sourceTree = "<group>"; };
		60A9B6E6284A39FA0063AFCC /* ErrorHandler.swift */ = {isa = PBXFileReference; lastKnownFileType = sourcecode.swift; path = ErrorHandler.swift; sourceTree = "<group>"; };
		60A9B6E8284A3A600063AFCC /* Provider.swift */ = {isa = PBXFileReference; lastKnownFileType = sourcecode.swift; path = Provider.swift; sourceTree = "<group>"; };
		60A9B6EC284A3E850063AFCC /* Shop.swift */ = {isa = PBXFileReference; lastKnownFileType = sourcecode.swift; path = Shop.swift; sourceTree = "<group>"; };
		60A9B6EE284DCD870063AFCC /* Model.swift */ = {isa = PBXFileReference; lastKnownFileType = sourcecode.swift; path = Model.swift; sourceTree = "<group>"; };
		60A9B6F0284DCEFC0063AFCC /* ProductResponse.json */ = {isa = PBXFileReference; lastKnownFileType = text.json; path = ProductResponse.json; sourceTree = "<group>"; };
		60A9B6F3284DD4070063AFCC /* Product.swift */ = {isa = PBXFileReference; lastKnownFileType = sourcecode.swift; path = Product.swift; sourceTree = "<group>"; };
		60A9B6F5284DDA290063AFCC /* ShopService.swift */ = {isa = PBXFileReference; lastKnownFileType = sourcecode.swift; path = ShopService.swift; sourceTree = "<group>"; };
		60A9B6F9284DEA340063AFCC /* Error+Ex.swift */ = {isa = PBXFileReference; lastKnownFileType = sourcecode.swift; path = "Error+Ex.swift"; sourceTree = "<group>"; };
		60A9B6FD284DF6F10063AFCC /* PlaceholderProvider.swift */ = {isa = PBXFileReference; lastKnownFileType = sourcecode.swift; path = PlaceholderProvider.swift; sourceTree = "<group>"; };
		60A9B6FF284E23C60063AFCC /* String+Ex.swift */ = {isa = PBXFileReference; lastKnownFileType = sourcecode.swift; path = "String+Ex.swift"; sourceTree = "<group>"; };
		60A9B701284E250B0063AFCC /* Price+Ex.swift */ = {isa = PBXFileReference; lastKnownFileType = sourcecode.swift; path = "Price+Ex.swift"; sourceTree = "<group>"; };
		60A9B703284E2AE00063AFCC /* Color+Ex.swift */ = {isa = PBXFileReference; lastKnownFileType = sourcecode.swift; path = "Color+Ex.swift"; sourceTree = "<group>"; };
		60E5D6062846246A0054B432 /* MasterViewIO.swift */ = {isa = PBXFileReference; lastKnownFileType = sourcecode.swift; path = MasterViewIO.swift; sourceTree = "<group>"; };
		60E5D608284624900054B432 /* MasterView.swift */ = {isa = PBXFileReference; lastKnownFileType = sourcecode.swift; path = MasterView.swift; sourceTree = "<group>"; };
		60E5D60B284624FE0054B432 /* Imports.swift */ = {isa = PBXFileReference; lastKnownFileType = sourcecode.swift; path = Imports.swift; sourceTree = "<group>"; };
		60E5D614284626F10054B432 /* ViewModelBase.swift */ = {isa = PBXFileReference; lastKnownFileType = sourcecode.swift; path = ViewModelBase.swift; sourceTree = "<group>"; };
		60E5D61828462AA10054B432 /* MasterViewModel.swift */ = {isa = PBXFileReference; lastKnownFileType = sourcecode.swift; path = MasterViewModel.swift; sourceTree = "<group>"; };
		60E5D61D28462C050054B432 /* DetailView.swift */ = {isa = PBXFileReference; lastKnownFileType = sourcecode.swift; path = DetailView.swift; sourceTree = "<group>"; };
		60E5D62028462C160054B432 /* DetailViewIO.swift */ = {isa = PBXFileReference; lastKnownFileType = sourcecode.swift; path = DetailViewIO.swift; sourceTree = "<group>"; };
		60E5D62328462C7B0054B432 /* DetailViewModel.swift */ = {isa = PBXFileReference; lastKnownFileType = sourcecode.swift; path = DetailViewModel.swift; sourceTree = "<group>"; };
		E6474CDA2698741C00717AE2 /* TextStyle+Ex.swift */ = {isa = PBXFileReference; lastKnownFileType = sourcecode.swift; path = "TextStyle+Ex.swift"; sourceTree = "<group>"; };
		E66210672696E0C700B2B861 /* Constants.swift */ = {isa = PBXFileReference; lastKnownFileType = sourcecode.swift; path = Constants.swift; sourceTree = "<group>"; };
		E6E815282695BA0E00407941 /* MVVMTemplate.app */ = {isa = PBXFileReference; explicitFileType = wrapper.application; includeInIndex = 0; path = MVVMTemplate.app; sourceTree = BUILT_PRODUCTS_DIR; };
		E6E8152B2695BA0E00407941 /* AppDelegate.swift */ = {isa = PBXFileReference; lastKnownFileType = sourcecode.swift; path = AppDelegate.swift; sourceTree = "<group>"; };
		E6E8152D2695BA0E00407941 /* SceneDelegate.swift */ = {isa = PBXFileReference; lastKnownFileType = sourcecode.swift; path = SceneDelegate.swift; sourceTree = "<group>"; };
		E6E815312695BA1000407941 /* Assets.xcassets */ = {isa = PBXFileReference; lastKnownFileType = folder.assetcatalog; path = Assets.xcassets; sourceTree = "<group>"; };
		E6E815342695BA1000407941 /* Preview Assets.xcassets */ = {isa = PBXFileReference; lastKnownFileType = folder.assetcatalog; path = "Preview Assets.xcassets"; sourceTree = "<group>"; };
		E6E815372695BA1000407941 /* Base */ = {isa = PBXFileReference; lastKnownFileType = file.storyboard; name = Base; path = Base.lproj/LaunchScreen.storyboard; sourceTree = "<group>"; };
		E6E815392695BA1000407941 /* Info.plist */ = {isa = PBXFileReference; lastKnownFileType = text.plist.xml; path = Info.plist; sourceTree = "<group>"; };
		E6E8153E2695BA1000407941 /* MVVMTemplateTests.xctest */ = {isa = PBXFileReference; explicitFileType = wrapper.cfbundle; includeInIndex = 0; path = MVVMTemplateTests.xctest; sourceTree = BUILT_PRODUCTS_DIR; };
		E6E815422695BA1000407941 /* MVVMTemplateTests.swift */ = {isa = PBXFileReference; lastKnownFileType = sourcecode.swift; path = MVVMTemplateTests.swift; sourceTree = "<group>"; };
		E6E815442695BA1000407941 /* Info.plist */ = {isa = PBXFileReference; lastKnownFileType = text.plist.xml; path = Info.plist; sourceTree = "<group>"; };
		E6E815492695BA1000407941 /* MVVMTemplateUITests.xctest */ = {isa = PBXFileReference; explicitFileType = wrapper.cfbundle; includeInIndex = 0; path = MVVMTemplateUITests.xctest; sourceTree = BUILT_PRODUCTS_DIR; };
		E6E8154D2695BA1000407941 /* MVVMTemplateUITests.swift */ = {isa = PBXFileReference; lastKnownFileType = sourcecode.swift; path = MVVMTemplateUITests.swift; sourceTree = "<group>"; };
		E6E8154F2695BA1000407941 /* Info.plist */ = {isa = PBXFileReference; lastKnownFileType = text.plist.xml; path = Info.plist; sourceTree = "<group>"; };
		E6E815A22695C7DF00407941 /* en */ = {isa = PBXFileReference; lastKnownFileType = text.plist.strings; name = en; path = en.lproj/Localizable.strings; sourceTree = "<group>"; };
		E6E815A52695CB0800407941 /* ru */ = {isa = PBXFileReference; lastKnownFileType = text.plist.strings; name = ru; path = ru.lproj/LaunchScreen.strings; sourceTree = "<group>"; };
		E6E815A62695CB0800407941 /* ru */ = {isa = PBXFileReference; lastKnownFileType = text.plist.strings; name = ru; path = ru.lproj/Localizable.strings; sourceTree = "<group>"; };
		E6E815A72696C46700407941 /* Locale+Ex.swift */ = {isa = PBXFileReference; lastKnownFileType = sourcecode.swift; path = "Locale+Ex.swift"; sourceTree = "<group>"; };
/* End PBXFileReference section */

/* Begin PBXFrameworksBuildPhase section */
		E6E815252695BA0E00407941 /* Frameworks */ = {
			isa = PBXFrameworksBuildPhase;
			buildActionMask = 2147483647;
			files = (
				60E5D63128476E9F0054B432 /* MPArchitectureMVVM in Frameworks */,
				E662105A2696D52100B2B861 /* Moya in Frameworks */,
				60E5D611284625530054B432 /* MPSwiftUI in Frameworks */,
				60E5D62E28476E7B0054B432 /* MPArchitectureMVVM in Frameworks */,
				60E5D63428476ED60054B432 /* MPArchitectureMVVM in Frameworks */,
				60E5D60F284625530054B432 /* MPArchitectureMVVM in Frameworks */,
				60E5D613284625530054B432 /* MPFoundation in Frameworks */,
				60E5D62B28476E4E0054B432 /* MPArchitectureMVVM in Frameworks */,
				E66210582696D52100B2B861 /* CombineMoya in Frameworks */,
			);
			runOnlyForDeploymentPostprocessing = 0;
		};
		E6E8153B2695BA1000407941 /* Frameworks */ = {
			isa = PBXFrameworksBuildPhase;
			buildActionMask = 2147483647;
			files = (
			);
			runOnlyForDeploymentPostprocessing = 0;
		};
		E6E815462695BA1000407941 /* Frameworks */ = {
			isa = PBXFrameworksBuildPhase;
			buildActionMask = 2147483647;
			files = (
			);
			runOnlyForDeploymentPostprocessing = 0;
		};
/* End PBXFrameworksBuildPhase section */

/* Begin PBXGroup section */
		60719A312848CE6500448651 /* ContentView */ = {
			isa = PBXGroup;
			children = (
				60719A2D2848CE5700448651 /* ContentView.swift */,
				60719A322848CE7F00448651 /* ContentViewIO.swift */,
				60719A2F2848CE6100448651 /* ContentViewModel.swift */,
			);
			path = ContentView;
			sourceTree = "<group>";
		};
		60719A3C2848E9EA00448651 /* OnboardingView */ = {
			isa = PBXGroup;
			children = (
				60719A362848E9CE00448651 /* OnboardingView.swift */,
				60719A382848E9DC00448651 /* OnboardingIO.swift */,
				60719A3A2848E9E700448651 /* OnboardingViewModel.swift */,
			);
			path = OnboardingView;
			sourceTree = "<group>";
		};
		60719A3D2849DE8200448651 /* Screens */ = {
			isa = PBXGroup;
			children = (
				60719A3C2848E9EA00448651 /* OnboardingView */,
				60E5D60A284624960054B432 /* MasterView */,
				60E5D61F28462C090054B432 /* DetailView */,
			);
			path = Screens;
			sourceTree = "<group>";
		};
		60719A3E2849DE9900448651 /* Components */ = {
			isa = PBXGroup;
			children = (
			);
			path = Components;
			sourceTree = "<group>";
		};
		60719A47284A1CDA00448651 /* API */ = {
			isa = PBXGroup;
			children = (
				60A9B6EA284A3B400063AFCC /* Setup */,
				60A9B6EB284A3DD50063AFCC /* Models */,
				60A9B6EC284A3E850063AFCC /* Shop.swift */,
			);
			path = API;
			sourceTree = "<group>";
		};
		60A9B6EA284A3B400063AFCC /* Setup */ = {
			isa = PBXGroup;
			children = (
				60719A3F284A158500448651 /* API.swift */,
				60A9B6E2284A354B0063AFCC /* APITarget.swift */,
				60A9B6E0284A34D60063AFCC /* APIError.swift */,
				60A9B6E8284A3A600063AFCC /* Provider.swift */,
				60A9B6E6284A39FA0063AFCC /* ErrorHandler.swift */,
				60A9B6E4284A37D80063AFCC /* APICoders.swift */,
				60A9B6DE284A32A80063AFCC /* TargetType.swift */,
			);
			path = Setup;
			sourceTree = "<group>";
		};
		60A9B6EB284A3DD50063AFCC /* Models */ = {
			isa = PBXGroup;
			children = (
				60719A43284A1CCC00448651 /* Models.swift */,
			);
			path = Models;
			sourceTree = "<group>";
		};
		60A9B6F2284DCF340063AFCC /* Fakes */ = {
			isa = PBXGroup;
			children = (
				60A9B6F0284DCEFC0063AFCC /* ProductResponse.json */,
			);
			path = Fakes;
			sourceTree = "<group>";
		};
		60A9B6F7284DDA300063AFCC /* Services */ = {
			isa = PBXGroup;
			children = (
				60A9B6F5284DDA290063AFCC /* ShopService.swift */,
			);
			path = Services;
			sourceTree = "<group>";
		};
		60A9B6F8284DDA380063AFCC /* Models */ = {
			isa = PBXGroup;
			children = (
				60A9B6EE284DCD870063AFCC /* Model.swift */,
				60A9B6F3284DD4070063AFCC /* Product.swift */,
			);
			path = Models;
			sourceTree = "<group>";
		};
		60E5D60A284624960054B432 /* MasterView */ = {
			isa = PBXGroup;
			children = (
				60E5D608284624900054B432 /* MasterView.swift */,
				60E5D6062846246A0054B432 /* MasterViewIO.swift */,
				60E5D61828462AA10054B432 /* MasterViewModel.swift */,
			);
			path = MasterView;
			sourceTree = "<group>";
		};
		60E5D60D284625530054B432 /* Frameworks */ = {
			isa = PBXGroup;
			children = (
			);
			name = Frameworks;
			sourceTree = "<group>";
		};
		60E5D61F28462C090054B432 /* DetailView */ = {
			isa = PBXGroup;
			children = (
				60E5D61D28462C050054B432 /* DetailView.swift */,
				60E5D62028462C160054B432 /* DetailViewIO.swift */,
				60E5D62328462C7B0054B432 /* DetailViewModel.swift */,
			);
			path = DetailView;
			sourceTree = "<group>";
		};
		E66210552696D45E00B2B861 /* Data */ = {
			isa = PBXGroup;
			children = (
				60719A47284A1CDA00448651 /* API */,
			);
			path = Data;
			sourceTree = "<group>";
		};
		E6E8151F2695BA0E00407941 = {
			isa = PBXGroup;
			children = (
				E6E8152A2695BA0E00407941 /* MVVMTemplate */,
				E6E815412695BA1000407941 /* MVVMTemplateTests */,
				E6E8154C2695BA1000407941 /* MVVMTemplateUITests */,
				E6E815292695BA0E00407941 /* Products */,
				60E5D60D284625530054B432 /* Frameworks */,
			);
			sourceTree = "<group>";
		};
		E6E815292695BA0E00407941 /* Products */ = {
			isa = PBXGroup;
			children = (
				E6E815282695BA0E00407941 /* MVVMTemplate.app */,
				E6E8153E2695BA1000407941 /* MVVMTemplateTests.xctest */,
				E6E815492695BA1000407941 /* MVVMTemplateUITests.xctest */,
			);
			name = Products;
			sourceTree = "<group>";
		};
		E6E8152A2695BA0E00407941 /* MVVMTemplate */ = {
			isa = PBXGroup;
			children = (
				E6E815882695C4C100407941 /* View */,
				E6E815872695C47900407941 /* Model */,
				E66210552696D45E00B2B861 /* Data */,
				E6E8155B2695BA4600407941 /* Application */,
				E6E8159B2695C76B00407941 /* Resoruces */,
				E6E815722695BC3300407941 /* Helpers */,
				E6E815332695BA1000407941 /* Preview Content */,
				E6E815392695BA1000407941 /* Info.plist */,
				E6E815362695BA1000407941 /* LaunchScreen.storyboard */,
			);
			path = MVVMTemplate;
			sourceTree = "<group>";
		};
		E6E815332695BA1000407941 /* Preview Content */ = {
			isa = PBXGroup;
			children = (
				E6E815342695BA1000407941 /* Preview Assets.xcassets */,
			);
			path = "Preview Content";
			sourceTree = "<group>";
		};
		E6E815412695BA1000407941 /* MVVMTemplateTests */ = {
			isa = PBXGroup;
			children = (
				E6E815422695BA1000407941 /* MVVMTemplateTests.swift */,
				E6E815442695BA1000407941 /* Info.plist */,
			);
			path = MVVMTemplateTests;
			sourceTree = "<group>";
		};
		E6E8154C2695BA1000407941 /* MVVMTemplateUITests */ = {
			isa = PBXGroup;
			children = (
				E6E8154D2695BA1000407941 /* MVVMTemplateUITests.swift */,
				E6E8154F2695BA1000407941 /* Info.plist */,
			);
			path = MVVMTemplateUITests;
			sourceTree = "<group>";
		};
		E6E8155B2695BA4600407941 /* Application */ = {
			isa = PBXGroup;
			children = (
				E6E8152B2695BA0E00407941 /* AppDelegate.swift */,
				E6E8152D2695BA0E00407941 /* SceneDelegate.swift */,
			);
			path = Application;
			sourceTree = "<group>";
		};
		E6E815722695BC3300407941 /* Helpers */ = {
			isa = PBXGroup;
			children = (
				E6E815A92696C47B00407941 /* Extensions */,
				60E5D60B284624FE0054B432 /* Imports.swift */,
				60A9B6FD284DF6F10063AFCC /* PlaceholderProvider.swift */,
			);
			path = Helpers;
			sourceTree = "<group>";
		};
		E6E815872695C47900407941 /* Model */ = {
			isa = PBXGroup;
			children = (
				60A9B6F7284DDA300063AFCC /* Services */,
				60A9B6F8284DDA380063AFCC /* Models */,
			);
			path = Model;
			sourceTree = "<group>";
		};
		E6E815882695C4C100407941 /* View */ = {
			isa = PBXGroup;
			children = (
				60E5D614284626F10054B432 /* ViewModelBase.swift */,
				60719A312848CE6500448651 /* ContentView */,
				60719A3E2849DE9900448651 /* Components */,
				60719A3D2849DE8200448651 /* Screens */,
			);
			path = View;
			sourceTree = "<group>";
		};
		E6E8159B2695C76B00407941 /* Resoruces */ = {
			isa = PBXGroup;
			children = (
				E6E815312695BA1000407941 /* Assets.xcassets */,
				60719A342848E64E00448651 /* Preferences.swift */,
				E66210672696E0C700B2B861 /* Constants.swift */,
				E6E815A02695C7C500407941 /* Localizable.strings */,
				60A9B6F2284DCF340063AFCC /* Fakes */,
			);
			path = Resoruces;
			sourceTree = "<group>";
		};
		E6E815A92696C47B00407941 /* Extensions */ = {
			isa = PBXGroup;
			children = (
				E6474CDA2698741C00717AE2 /* TextStyle+Ex.swift */,
				60A9B703284E2AE00063AFCC /* Color+Ex.swift */,
				60719A2B2848AD3F00448651 /* View+Ex.swift */,
				E6E815A72696C46700407941 /* Locale+Ex.swift */,
				60A9B6F9284DEA340063AFCC /* Error+Ex.swift */,
				60A9B6FF284E23C60063AFCC /* String+Ex.swift */,
				60A9B701284E250B0063AFCC /* Price+Ex.swift */,
			);
			path = Extensions;
			sourceTree = "<group>";
		};
/* End PBXGroup section */

/* Begin PBXNativeTarget section */
		E6E815272695BA0E00407941 /* MVVMTemplate */ = {
			isa = PBXNativeTarget;
			buildConfigurationList = E6E815522695BA1000407941 /* Build configuration list for PBXNativeTarget "MVVMTemplate" */;
			buildPhases = (
				E6E815242695BA0E00407941 /* Sources */,
				E6E815252695BA0E00407941 /* Frameworks */,
				E6E815262695BA0E00407941 /* Resources */,
				E67B575D269C28D5008C7E03 /* Run Swiftlint */,
			);
			buildRules = (
			);
			dependencies = (
			);
			name = MVVMTemplate;
			packageProductDependencies = (
				E66210572696D52100B2B861 /* CombineMoya */,
				E66210592696D52100B2B861 /* Moya */,
				60E5D60E284625530054B432 /* MPArchitectureMVVM */,
				60E5D610284625530054B432 /* MPSwiftUI */,
				60E5D612284625530054B432 /* MPFoundation */,
				60E5D62A28476E4E0054B432 /* MPArchitectureMVVM */,
				60E5D62D28476E7B0054B432 /* MPArchitectureMVVM */,
				60E5D63028476E9F0054B432 /* MPArchitectureMVVM */,
				60E5D63328476ED60054B432 /* MPArchitectureMVVM */,
			);
			productName = MVVMTemplate;
			productReference = E6E815282695BA0E00407941 /* MVVMTemplate.app */;
			productType = "com.apple.product-type.application";
		};
		E6E8153D2695BA1000407941 /* MVVMTemplateTests */ = {
			isa = PBXNativeTarget;
			buildConfigurationList = E6E815552695BA1000407941 /* Build configuration list for PBXNativeTarget "MVVMTemplateTests" */;
			buildPhases = (
				E6E8153A2695BA1000407941 /* Sources */,
				E6E8153B2695BA1000407941 /* Frameworks */,
				E6E8153C2695BA1000407941 /* Resources */,
			);
			buildRules = (
			);
			dependencies = (
				E6E815402695BA1000407941 /* PBXTargetDependency */,
			);
			name = MVVMTemplateTests;
			productName = MVVMTemplateTests;
			productReference = E6E8153E2695BA1000407941 /* MVVMTemplateTests.xctest */;
			productType = "com.apple.product-type.bundle.unit-test";
		};
		E6E815482695BA1000407941 /* MVVMTemplateUITests */ = {
			isa = PBXNativeTarget;
			buildConfigurationList = E6E815582695BA1000407941 /* Build configuration list for PBXNativeTarget "MVVMTemplateUITests" */;
			buildPhases = (
				E6E815452695BA1000407941 /* Sources */,
				E6E815462695BA1000407941 /* Frameworks */,
				E6E815472695BA1000407941 /* Resources */,
			);
			buildRules = (
			);
			dependencies = (
				E6E8154B2695BA1000407941 /* PBXTargetDependency */,
			);
			name = MVVMTemplateUITests;
			productName = MVVMTemplateUITests;
			productReference = E6E815492695BA1000407941 /* MVVMTemplateUITests.xctest */;
			productType = "com.apple.product-type.bundle.ui-testing";
		};
/* End PBXNativeTarget section */

/* Begin PBXProject section */
		E6E815202695BA0E00407941 /* Project object */ = {
			isa = PBXProject;
			attributes = {
				LastSwiftUpdateCheck = 1250;
				LastUpgradeCheck = 1250;
				TargetAttributes = {
					E6E815272695BA0E00407941 = {
						CreatedOnToolsVersion = 12.5;
					};
					E6E8153D2695BA1000407941 = {
						CreatedOnToolsVersion = 12.5;
						TestTargetID = E6E815272695BA0E00407941;
					};
					E6E815482695BA1000407941 = {
						CreatedOnToolsVersion = 12.5;
						TestTargetID = E6E815272695BA0E00407941;
					};
				};
			};
			buildConfigurationList = E6E815232695BA0E00407941 /* Build configuration list for PBXProject "MVVMTemplate" */;
			compatibilityVersion = "Xcode 9.3";
			developmentRegion = en;
			hasScannedForEncodings = 0;
			knownRegions = (
				en,
				Base,
				ru,
			);
			mainGroup = E6E8151F2695BA0E00407941;
			packageReferences = (
				E66210562696D52100B2B861 /* XCRemoteSwiftPackageReference "Moya" */,
				60E5D6032846208D0054B432 /* XCRemoteSwiftPackageReference "MPArchitectureMVVM" */,
				60E5D6042846231E0054B432 /* XCRemoteSwiftPackageReference "MPSwiftUI" */,
				60E5D6052846236B0054B432 /* XCRemoteSwiftPackageReference "MPFoundation" */,
				60E5D62928476E4E0054B432 /* XCRemoteSwiftPackageReference "MPArchitectureMVVM" */,
			);
			productRefGroup = E6E815292695BA0E00407941 /* Products */;
			projectDirPath = "";
			projectRoot = "";
			targets = (
				E6E815272695BA0E00407941 /* MVVMTemplate */,
				E6E8153D2695BA1000407941 /* MVVMTemplateTests */,
				E6E815482695BA1000407941 /* MVVMTemplateUITests */,
			);
		};
/* End PBXProject section */

/* Begin PBXResourcesBuildPhase section */
		E6E815262695BA0E00407941 /* Resources */ = {
			isa = PBXResourcesBuildPhase;
			buildActionMask = 2147483647;
			files = (
				E6E815382695BA1000407941 /* LaunchScreen.storyboard in Resources */,
				60A9B6F1284DCEFC0063AFCC /* ProductResponse.json in Resources */,
				E6E8159E2695C7C500407941 /* Localizable.strings in Resources */,
				E6E815352695BA1000407941 /* Preview Assets.xcassets in Resources */,
				E6E815322695BA1000407941 /* Assets.xcassets in Resources */,
			);
			runOnlyForDeploymentPostprocessing = 0;
		};
		E6E8153C2695BA1000407941 /* Resources */ = {
			isa = PBXResourcesBuildPhase;
			buildActionMask = 2147483647;
			files = (
			);
			runOnlyForDeploymentPostprocessing = 0;
		};
		E6E815472695BA1000407941 /* Resources */ = {
			isa = PBXResourcesBuildPhase;
			buildActionMask = 2147483647;
			files = (
			);
			runOnlyForDeploymentPostprocessing = 0;
		};
/* End PBXResourcesBuildPhase section */

/* Begin PBXShellScriptBuildPhase section */
		E67B575D269C28D5008C7E03 /* Run Swiftlint */ = {
			isa = PBXShellScriptBuildPhase;
			buildActionMask = 2147483647;
			files = (
			);
			inputFileListPaths = (
			);
			inputPaths = (
			);
			name = "Run Swiftlint";
			outputFileListPaths = (
			);
			outputPaths = (
			);
			runOnlyForDeploymentPostprocessing = 0;
			shellPath = /bin/sh;
			shellScript = "if which swiftlint >/dev/null; then\n  swiftlint\nelse\n  echo \"warning: SwiftLint not installed, download from https://github.com/realm/SwiftLint\"\nfi\n";
		};
/* End PBXShellScriptBuildPhase section */

/* Begin PBXSourcesBuildPhase section */
		E6E815242695BA0E00407941 /* Sources */ = {
			isa = PBXSourcesBuildPhase;
			buildActionMask = 2147483647;
			files = (
				60E5D6072846246A0054B432 /* MasterViewIO.swift in Sources */,
				60719A392848E9DC00448651 /* OnboardingIO.swift in Sources */,
				60719A2E2848CE5700448651 /* ContentView.swift in Sources */,
				60719A302848CE6100448651 /* ContentViewModel.swift in Sources */,
				E6E8152C2695BA0E00407941 /* AppDelegate.swift in Sources */,
				60A9B6E5284A37D80063AFCC /* APICoders.swift in Sources */,
				60E5D61E28462C050054B432 /* DetailView.swift in Sources */,
				E6E815A82696C46700407941 /* Locale+Ex.swift in Sources */,
				E6474CDB2698741C00717AE2 /* TextStyle+Ex.swift in Sources */,
				60A9B6F4284DD4070063AFCC /* Product.swift in Sources */,
				60719A44284A1CCC00448651 /* Models.swift in Sources */,
				60A9B6E1284A34D60063AFCC /* APIError.swift in Sources */,
				60A9B6DF284A32A80063AFCC /* TargetType.swift in Sources */,
				60719A332848CE7F00448651 /* ContentViewIO.swift in Sources */,
				60E5D615284626F10054B432 /* ViewModelBase.swift in Sources */,
				60A9B6E3284A354B0063AFCC /* APITarget.swift in Sources */,
				60719A352848E64E00448651 /* Preferences.swift in Sources */,
				60A9B6FA284DEA340063AFCC /* Error+Ex.swift in Sources */,
				60A9B6EF284DCD870063AFCC /* Model.swift in Sources */,
				60E5D609284624900054B432 /* MasterView.swift in Sources */,
				60A9B6E9284A3A600063AFCC /* Provider.swift in Sources */,
				60A9B700284E23C60063AFCC /* String+Ex.swift in Sources */,
				60E5D60C284624FE0054B432 /* Imports.swift in Sources */,
				60A9B6E7284A39FA0063AFCC /* ErrorHandler.swift in Sources */,
				60A9B6ED284A3E850063AFCC /* Shop.swift in Sources */,
				60719A372848E9CE00448651 /* OnboardingView.swift in Sources */,
				60719A40284A158500448651 /* API.swift in Sources */,
				E6E8152E2695BA0E00407941 /* SceneDelegate.swift in Sources */,
				E66210682696E0C700B2B861 /* Constants.swift in Sources */,
				60E5D62128462C160054B432 /* DetailViewIO.swift in Sources */,
				60E5D62428462C7B0054B432 /* DetailViewModel.swift in Sources */,
				60A9B702284E250B0063AFCC /* Price+Ex.swift in Sources */,
				60A9B704284E2AE10063AFCC /* Color+Ex.swift in Sources */,
				60719A3B2848E9E700448651 /* OnboardingViewModel.swift in Sources */,
				60E5D61928462AA10054B432 /* MasterViewModel.swift in Sources */,
				60719A2C2848AD3F00448651 /* View+Ex.swift in Sources */,
				60A9B6FE284DF6F10063AFCC /* PlaceholderProvider.swift in Sources */,
				60A9B6F6284DDA290063AFCC /* ShopService.swift in Sources */,
			);
			runOnlyForDeploymentPostprocessing = 0;
		};
		E6E8153A2695BA1000407941 /* Sources */ = {
			isa = PBXSourcesBuildPhase;
			buildActionMask = 2147483647;
			files = (
				E6E815432695BA1000407941 /* MVVMTemplateTests.swift in Sources */,
			);
			runOnlyForDeploymentPostprocessing = 0;
		};
		E6E815452695BA1000407941 /* Sources */ = {
			isa = PBXSourcesBuildPhase;
			buildActionMask = 2147483647;
			files = (
				E6E8154E2695BA1000407941 /* MVVMTemplateUITests.swift in Sources */,
			);
			runOnlyForDeploymentPostprocessing = 0;
		};
/* End PBXSourcesBuildPhase section */

/* Begin PBXTargetDependency section */
		E6E815402695BA1000407941 /* PBXTargetDependency */ = {
			isa = PBXTargetDependency;
			target = E6E815272695BA0E00407941 /* MVVMTemplate */;
			targetProxy = E6E8153F2695BA1000407941 /* PBXContainerItemProxy */;
		};
		E6E8154B2695BA1000407941 /* PBXTargetDependency */ = {
			isa = PBXTargetDependency;
			target = E6E815272695BA0E00407941 /* MVVMTemplate */;
			targetProxy = E6E8154A2695BA1000407941 /* PBXContainerItemProxy */;
		};
/* End PBXTargetDependency section */

/* Begin PBXVariantGroup section */
		E6E815362695BA1000407941 /* LaunchScreen.storyboard */ = {
			isa = PBXVariantGroup;
			children = (
				E6E815372695BA1000407941 /* Base */,
				E6E815A52695CB0800407941 /* ru */,
			);
			name = LaunchScreen.storyboard;
			sourceTree = "<group>";
		};
		E6E815A02695C7C500407941 /* Localizable.strings */ = {
			isa = PBXVariantGroup;
			children = (
				E6E815A22695C7DF00407941 /* en */,
				E6E815A62695CB0800407941 /* ru */,
			);
			name = Localizable.strings;
			sourceTree = "<group>";
		};
/* End PBXVariantGroup section */

/* Begin XCBuildConfiguration section */
		E6E815502695BA1000407941 /* Debug */ = {
			isa = XCBuildConfiguration;
			buildSettings = {
				ALWAYS_SEARCH_USER_PATHS = NO;
				CLANG_ANALYZER_LOCALIZABILITY_NONLOCALIZED = YES;
				CLANG_ANALYZER_NONNULL = YES;
				CLANG_ANALYZER_NUMBER_OBJECT_CONVERSION = YES_AGGRESSIVE;
				CLANG_CXX_LANGUAGE_STANDARD = "gnu++14";
				CLANG_CXX_LIBRARY = "libc++";
				CLANG_ENABLE_MODULES = YES;
				CLANG_ENABLE_OBJC_ARC = YES;
				CLANG_ENABLE_OBJC_WEAK = YES;
				CLANG_WARN_BLOCK_CAPTURE_AUTORELEASING = YES;
				CLANG_WARN_BOOL_CONVERSION = YES;
				CLANG_WARN_COMMA = YES;
				CLANG_WARN_CONSTANT_CONVERSION = YES;
				CLANG_WARN_DEPRECATED_OBJC_IMPLEMENTATIONS = YES;
				CLANG_WARN_DIRECT_OBJC_ISA_USAGE = YES_ERROR;
				CLANG_WARN_DOCUMENTATION_COMMENTS = YES;
				CLANG_WARN_EMPTY_BODY = YES;
				CLANG_WARN_ENUM_CONVERSION = YES;
				CLANG_WARN_INFINITE_RECURSION = YES;
				CLANG_WARN_INT_CONVERSION = YES;
				CLANG_WARN_NON_LITERAL_NULL_CONVERSION = YES;
				CLANG_WARN_OBJC_IMPLICIT_RETAIN_SELF = YES;
				CLANG_WARN_OBJC_LITERAL_CONVERSION = YES;
				CLANG_WARN_OBJC_ROOT_CLASS = YES_ERROR;
				CLANG_WARN_QUOTED_INCLUDE_IN_FRAMEWORK_HEADER = YES;
				CLANG_WARN_RANGE_LOOP_ANALYSIS = YES;
				CLANG_WARN_STRICT_PROTOTYPES = YES;
				CLANG_WARN_SUSPICIOUS_MOVE = YES;
				CLANG_WARN_UNGUARDED_AVAILABILITY = YES_AGGRESSIVE;
				CLANG_WARN_UNREACHABLE_CODE = YES;
				CLANG_WARN__DUPLICATE_METHOD_MATCH = YES;
				COPY_PHASE_STRIP = NO;
				DEBUG_INFORMATION_FORMAT = dwarf;
				ENABLE_STRICT_OBJC_MSGSEND = YES;
				ENABLE_TESTABILITY = YES;
				GCC_C_LANGUAGE_STANDARD = gnu11;
				GCC_DYNAMIC_NO_PIC = NO;
				GCC_NO_COMMON_BLOCKS = YES;
				GCC_OPTIMIZATION_LEVEL = 0;
				GCC_PREPROCESSOR_DEFINITIONS = (
					"DEBUG=1",
					"$(inherited)",
				);
				GCC_WARN_64_TO_32_BIT_CONVERSION = YES;
				GCC_WARN_ABOUT_RETURN_TYPE = YES_ERROR;
				GCC_WARN_UNDECLARED_SELECTOR = YES;
				GCC_WARN_UNINITIALIZED_AUTOS = YES_AGGRESSIVE;
				GCC_WARN_UNUSED_FUNCTION = YES;
				GCC_WARN_UNUSED_VARIABLE = YES;
				IPHONEOS_DEPLOYMENT_TARGET = 15.0;
				MTL_ENABLE_DEBUG_INFO = INCLUDE_SOURCE;
				MTL_FAST_MATH = YES;
				ONLY_ACTIVE_ARCH = YES;
				SDKROOT = iphoneos;
				SWIFT_ACTIVE_COMPILATION_CONDITIONS = DEBUG;
				SWIFT_OPTIMIZATION_LEVEL = "-Onone";
			};
			name = Debug;
		};
		E6E815512695BA1000407941 /* Release */ = {
			isa = XCBuildConfiguration;
			buildSettings = {
				ALWAYS_SEARCH_USER_PATHS = NO;
				CLANG_ANALYZER_LOCALIZABILITY_NONLOCALIZED = YES;
				CLANG_ANALYZER_NONNULL = YES;
				CLANG_ANALYZER_NUMBER_OBJECT_CONVERSION = YES_AGGRESSIVE;
				CLANG_CXX_LANGUAGE_STANDARD = "gnu++14";
				CLANG_CXX_LIBRARY = "libc++";
				CLANG_ENABLE_MODULES = YES;
				CLANG_ENABLE_OBJC_ARC = YES;
				CLANG_ENABLE_OBJC_WEAK = YES;
				CLANG_WARN_BLOCK_CAPTURE_AUTORELEASING = YES;
				CLANG_WARN_BOOL_CONVERSION = YES;
				CLANG_WARN_COMMA = YES;
				CLANG_WARN_CONSTANT_CONVERSION = YES;
				CLANG_WARN_DEPRECATED_OBJC_IMPLEMENTATIONS = YES;
				CLANG_WARN_DIRECT_OBJC_ISA_USAGE = YES_ERROR;
				CLANG_WARN_DOCUMENTATION_COMMENTS = YES;
				CLANG_WARN_EMPTY_BODY = YES;
				CLANG_WARN_ENUM_CONVERSION = YES;
				CLANG_WARN_INFINITE_RECURSION = YES;
				CLANG_WARN_INT_CONVERSION = YES;
				CLANG_WARN_NON_LITERAL_NULL_CONVERSION = YES;
				CLANG_WARN_OBJC_IMPLICIT_RETAIN_SELF = YES;
				CLANG_WARN_OBJC_LITERAL_CONVERSION = YES;
				CLANG_WARN_OBJC_ROOT_CLASS = YES_ERROR;
				CLANG_WARN_QUOTED_INCLUDE_IN_FRAMEWORK_HEADER = YES;
				CLANG_WARN_RANGE_LOOP_ANALYSIS = YES;
				CLANG_WARN_STRICT_PROTOTYPES = YES;
				CLANG_WARN_SUSPICIOUS_MOVE = YES;
				CLANG_WARN_UNGUARDED_AVAILABILITY = YES_AGGRESSIVE;
				CLANG_WARN_UNREACHABLE_CODE = YES;
				CLANG_WARN__DUPLICATE_METHOD_MATCH = YES;
				COPY_PHASE_STRIP = NO;
				DEBUG_INFORMATION_FORMAT = "dwarf-with-dsym";
				ENABLE_NS_ASSERTIONS = NO;
				ENABLE_STRICT_OBJC_MSGSEND = YES;
				GCC_C_LANGUAGE_STANDARD = gnu11;
				GCC_NO_COMMON_BLOCKS = YES;
				GCC_WARN_64_TO_32_BIT_CONVERSION = YES;
				GCC_WARN_ABOUT_RETURN_TYPE = YES_ERROR;
				GCC_WARN_UNDECLARED_SELECTOR = YES;
				GCC_WARN_UNINITIALIZED_AUTOS = YES_AGGRESSIVE;
				GCC_WARN_UNUSED_FUNCTION = YES;
				GCC_WARN_UNUSED_VARIABLE = YES;
				IPHONEOS_DEPLOYMENT_TARGET = 15.0;
				MTL_ENABLE_DEBUG_INFO = NO;
				MTL_FAST_MATH = YES;
				SDKROOT = iphoneos;
				SWIFT_COMPILATION_MODE = wholemodule;
				SWIFT_OPTIMIZATION_LEVEL = "-O";
				VALIDATE_PRODUCT = YES;
			};
			name = Release;
		};
		E6E815532695BA1000407941 /* Debug */ = {
			isa = XCBuildConfiguration;
			buildSettings = {
				ASSETCATALOG_COMPILER_APPICON_NAME = AppIcon;
				ASSETCATALOG_COMPILER_GLOBAL_ACCENT_COLOR_NAME = AccentColor;
				CODE_SIGN_STYLE = Automatic;
				DEVELOPMENT_ASSET_PATHS = "\"MVVMTemplate/Preview Content\"";
				DEVELOPMENT_TEAM = RZ7DFJNR7Y;
				ENABLE_PREVIEWS = YES;
				INFOPLIST_FILE = MVVMTemplate/Info.plist;
				LD_RUNPATH_SEARCH_PATHS = (
					"$(inherited)",
					"@executable_path/Frameworks",
				);
				PRODUCT_BUNDLE_IDENTIFIER = com.spole.artjoms.MVVMTemplate;
				PRODUCT_NAME = "$(TARGET_NAME)";
				SWIFT_VERSION = 5.0;
				TARGETED_DEVICE_FAMILY = "1,2";
			};
			name = Debug;
		};
		E6E815542695BA1000407941 /* Release */ = {
			isa = XCBuildConfiguration;
			buildSettings = {
				ASSETCATALOG_COMPILER_APPICON_NAME = AppIcon;
				ASSETCATALOG_COMPILER_GLOBAL_ACCENT_COLOR_NAME = AccentColor;
				CODE_SIGN_STYLE = Automatic;
				DEVELOPMENT_ASSET_PATHS = "\"MVVMTemplate/Preview Content\"";
				DEVELOPMENT_TEAM = RZ7DFJNR7Y;
				ENABLE_PREVIEWS = YES;
				INFOPLIST_FILE = MVVMTemplate/Info.plist;
				LD_RUNPATH_SEARCH_PATHS = (
					"$(inherited)",
					"@executable_path/Frameworks",
				);
				PRODUCT_BUNDLE_IDENTIFIER = com.spole.artjoms.MVVMTemplate;
				PRODUCT_NAME = "$(TARGET_NAME)";
				SWIFT_VERSION = 5.0;
				TARGETED_DEVICE_FAMILY = "1,2";
			};
			name = Release;
		};
		E6E815562695BA1000407941 /* Debug */ = {
			isa = XCBuildConfiguration;
			buildSettings = {
				ALWAYS_EMBED_SWIFT_STANDARD_LIBRARIES = YES;
				BUNDLE_LOADER = "$(TEST_HOST)";
				CODE_SIGN_STYLE = Automatic;
				DEVELOPMENT_TEAM = RZ7DFJNR7Y;
				INFOPLIST_FILE = MVVMTemplateTests/Info.plist;
				IPHONEOS_DEPLOYMENT_TARGET = 14.5;
				LD_RUNPATH_SEARCH_PATHS = (
					"$(inherited)",
					"@executable_path/Frameworks",
					"@loader_path/Frameworks",
				);
				PRODUCT_BUNDLE_IDENTIFIER = com.spole.artjoms.MVVMTemplateTests;
				PRODUCT_NAME = "$(TARGET_NAME)";
				SWIFT_VERSION = 5.0;
				TARGETED_DEVICE_FAMILY = "1,2";
				TEST_HOST = "$(BUILT_PRODUCTS_DIR)/MVVMTemplate.app/MVVMTemplate";
			};
			name = Debug;
		};
		E6E815572695BA1000407941 /* Release */ = {
			isa = XCBuildConfiguration;
			buildSettings = {
				ALWAYS_EMBED_SWIFT_STANDARD_LIBRARIES = YES;
				BUNDLE_LOADER = "$(TEST_HOST)";
				CODE_SIGN_STYLE = Automatic;
				DEVELOPMENT_TEAM = RZ7DFJNR7Y;
				INFOPLIST_FILE = MVVMTemplateTests/Info.plist;
				IPHONEOS_DEPLOYMENT_TARGET = 14.5;
				LD_RUNPATH_SEARCH_PATHS = (
					"$(inherited)",
					"@executable_path/Frameworks",
					"@loader_path/Frameworks",
				);
				PRODUCT_BUNDLE_IDENTIFIER = com.spole.artjoms.MVVMTemplateTests;
				PRODUCT_NAME = "$(TARGET_NAME)";
				SWIFT_VERSION = 5.0;
				TARGETED_DEVICE_FAMILY = "1,2";
				TEST_HOST = "$(BUILT_PRODUCTS_DIR)/MVVMTemplate.app/MVVMTemplate";
			};
			name = Release;
		};
		E6E815592695BA1000407941 /* Debug */ = {
			isa = XCBuildConfiguration;
			buildSettings = {
				ALWAYS_EMBED_SWIFT_STANDARD_LIBRARIES = YES;
				CODE_SIGN_STYLE = Automatic;
				DEVELOPMENT_TEAM = RZ7DFJNR7Y;
				INFOPLIST_FILE = MVVMTemplateUITests/Info.plist;
				LD_RUNPATH_SEARCH_PATHS = (
					"$(inherited)",
					"@executable_path/Frameworks",
					"@loader_path/Frameworks",
				);
				PRODUCT_BUNDLE_IDENTIFIER = com.spole.artjoms.MVVMTemplateUITests;
				PRODUCT_NAME = "$(TARGET_NAME)";
				SWIFT_VERSION = 5.0;
				TARGETED_DEVICE_FAMILY = "1,2";
				TEST_TARGET_NAME = MVVMTemplate;
			};
			name = Debug;
		};
		E6E8155A2695BA1000407941 /* Release */ = {
			isa = XCBuildConfiguration;
			buildSettings = {
				ALWAYS_EMBED_SWIFT_STANDARD_LIBRARIES = YES;
				CODE_SIGN_STYLE = Automatic;
				DEVELOPMENT_TEAM = RZ7DFJNR7Y;
				INFOPLIST_FILE = MVVMTemplateUITests/Info.plist;
				LD_RUNPATH_SEARCH_PATHS = (
					"$(inherited)",
					"@executable_path/Frameworks",
					"@loader_path/Frameworks",
				);
				PRODUCT_BUNDLE_IDENTIFIER = com.spole.artjoms.MVVMTemplateUITests;
				PRODUCT_NAME = "$(TARGET_NAME)";
				SWIFT_VERSION = 5.0;
				TARGETED_DEVICE_FAMILY = "1,2";
				TEST_TARGET_NAME = MVVMTemplate;
			};
			name = Release;
		};
/* End XCBuildConfiguration section */

/* Begin XCConfigurationList section */
		E6E815232695BA0E00407941 /* Build configuration list for PBXProject "MVVMTemplate" */ = {
			isa = XCConfigurationList;
			buildConfigurations = (
				E6E815502695BA1000407941 /* Debug */,
				E6E815512695BA1000407941 /* Release */,
			);
			defaultConfigurationIsVisible = 0;
			defaultConfigurationName = Release;
		};
		E6E815522695BA1000407941 /* Build configuration list for PBXNativeTarget "MVVMTemplate" */ = {
			isa = XCConfigurationList;
			buildConfigurations = (
				E6E815532695BA1000407941 /* Debug */,
				E6E815542695BA1000407941 /* Release */,
			);
			defaultConfigurationIsVisible = 0;
			defaultConfigurationName = Release;
		};
		E6E815552695BA1000407941 /* Build configuration list for PBXNativeTarget "MVVMTemplateTests" */ = {
			isa = XCConfigurationList;
			buildConfigurations = (
				E6E815562695BA1000407941 /* Debug */,
				E6E815572695BA1000407941 /* Release */,
			);
			defaultConfigurationIsVisible = 0;
			defaultConfigurationName = Release;
		};
		E6E815582695BA1000407941 /* Build configuration list for PBXNativeTarget "MVVMTemplateUITests" */ = {
			isa = XCConfigurationList;
			buildConfigurations = (
				E6E815592695BA1000407941 /* Debug */,
				E6E8155A2695BA1000407941 /* Release */,
			);
			defaultConfigurationIsVisible = 0;
			defaultConfigurationName = Release;
		};
/* End XCConfigurationList section */

/* Begin XCRemoteSwiftPackageReference section */
		60E5D6032846208D0054B432 /* XCRemoteSwiftPackageReference "MPArchitectureMVVM" */ = {
			isa = XCRemoteSwiftPackageReference;
			repositoryURL = "https://github.com/MP-iOS-2022/MPArchitectureMVVM";
			requirement = {
				kind = upToNextMajorVersion;
				minimumVersion = 1.0.0;
			};
		};
		60E5D6042846231E0054B432 /* XCRemoteSwiftPackageReference "MPSwiftUI" */ = {
			isa = XCRemoteSwiftPackageReference;
			repositoryURL = "https://github.com/MP-iOS-2022/MPSwiftUI";
			requirement = {
				branch = main;
				kind = branch;
			};
		};
		60E5D6052846236B0054B432 /* XCRemoteSwiftPackageReference "MPFoundation" */ = {
			isa = XCRemoteSwiftPackageReference;
			repositoryURL = "https://github.com/MP-iOS-2022/MPFoundation";
			requirement = {
				branch = main;
				kind = branch;
			};
		};
		60E5D62928476E4E0054B432 /* XCRemoteSwiftPackageReference "MPArchitectureMVVM" */ = {
			isa = XCRemoteSwiftPackageReference;
			repositoryURL = "https://github.com/MP-iOS-2022/MPArchitectureMVVM";
			requirement = {
				branch = main;
				kind = branch;
			};
		};
		E66210562696D52100B2B861 /* XCRemoteSwiftPackageReference "Moya" */ = {
			isa = XCRemoteSwiftPackageReference;
			repositoryURL = "https://github.com/Moya/Moya";
			requirement = {
				kind = upToNextMajorVersion;
				minimumVersion = 15.0.0;
			};
		};
/* End XCRemoteSwiftPackageReference section */

/* Begin XCSwiftPackageProductDependency section */
		60E5D60E284625530054B432 /* MPArchitectureMVVM */ = {
			isa = XCSwiftPackageProductDependency;
			package = 60E5D6032846208D0054B432 /* XCRemoteSwiftPackageReference "MPArchitectureMVVM" */;
			productName = MPArchitectureMVVM;
		};
		60E5D610284625530054B432 /* MPSwiftUI */ = {
			isa = XCSwiftPackageProductDependency;
			package = 60E5D6042846231E0054B432 /* XCRemoteSwiftPackageReference "MPSwiftUI" */;
			productName = MPSwiftUI;
		};
		60E5D612284625530054B432 /* MPFoundation */ = {
			isa = XCSwiftPackageProductDependency;
			package = 60E5D6052846236B0054B432 /* XCRemoteSwiftPackageReference "MPFoundation" */;
			productName = MPFoundation;
		};
		60E5D62A28476E4E0054B432 /* MPArchitectureMVVM */ = {
			isa = XCSwiftPackageProductDependency;
			package = 60E5D62928476E4E0054B432 /* XCRemoteSwiftPackageReference "MPArchitectureMVVM" */;
			productName = MPArchitectureMVVM;
		};
		60E5D62D28476E7B0054B432 /* MPArchitectureMVVM */ = {
			isa = XCSwiftPackageProductDependency;
			package = 60E5D6032846208D0054B432 /* XCRemoteSwiftPackageReference "MPArchitectureMVVM" */;
			productName = MPArchitectureMVVM;
		};
		60E5D63028476E9F0054B432 /* MPArchitectureMVVM */ = {
			isa = XCSwiftPackageProductDependency;
			package = 60E5D6032846208D0054B432 /* XCRemoteSwiftPackageReference "MPArchitectureMVVM" */;
			productName = MPArchitectureMVVM;
		};
		60E5D63328476ED60054B432 /* MPArchitectureMVVM */ = {
			isa = XCSwiftPackageProductDependency;
			package = 60E5D6032846208D0054B432 /* XCRemoteSwiftPackageReference "MPArchitectureMVVM" */;
			productName = MPArchitectureMVVM;
		};
		E66210572696D52100B2B861 /* CombineMoya */ = {
			isa = XCSwiftPackageProductDependency;
			package = E66210562696D52100B2B861 /* XCRemoteSwiftPackageReference "Moya" */;
			productName = CombineMoya;
		};
		E66210592696D52100B2B861 /* Moya */ = {
			isa = XCSwiftPackageProductDependency;
			package = E66210562696D52100B2B861 /* XCRemoteSwiftPackageReference "Moya" */;
			productName = Moya;
		};
/* End XCSwiftPackageProductDependency section */
	};
	rootObject = E6E815202695BA0E00407941 /* Project object */;
}
